// !$*UTF8*$!
{
	archiveVersion = 1;
	classes = {
	};
	objectVersion = 48;
	objects = {

/* Begin PBXBuildFile section */
		4102BF0CCB3A6AB89953353E /* Pods_TServer.framework in Frameworks */ = {isa = PBXBuildFile; fileRef = 08FECB7C17B011600E97E1B1 /* Pods_TServer.framework */; };
		4D0FEEA0212BB03F0021E9E8 /* TCUserChangeViewController.m in Sources */ = {isa = PBXBuildFile; fileRef = 4D0FEE66212BB03E0021E9E8 /* TCUserChangeViewController.m */; };
		4D0FEEA1212BB03F0021E9E8 /* TCAppDownloadViewController.m in Sources */ = {isa = PBXBuildFile; fileRef = 4D0FEE6B212BB03E0021E9E8 /* TCAppDownloadViewController.m */; };
		4D0FEEA3212BB03F0021E9E8 /* TCMHCellConfigModel.m in Sources */ = {isa = PBXBuildFile; fileRef = 4D0FEE72212BB03E0021E9E8 /* TCMHCellConfigModel.m */; };
		4D0FEEA4212BB03F0021E9E8 /* TCMHHeaderCell.xib in Resources */ = {isa = PBXBuildFile; fileRef = 4D0FEE74212BB03E0021E9E8 /* TCMHHeaderCell.xib */; };
		4D0FEEA5212BB03F0021E9E8 /* TCMHInfoTableViewCell.xib in Resources */ = {isa = PBXBuildFile; fileRef = 4D0FEE78212BB03E0021E9E8 /* TCMHInfoTableViewCell.xib */; };
		4D0FEEA6212BB03F0021E9E8 /* TCMHTableFootView.xib in Resources */ = {isa = PBXBuildFile; fileRef = 4D0FEE7A212BB03E0021E9E8 /* TCMHTableFootView.xib */; };
		4D0FEEA7212BB03F0021E9E8 /* TCMHInfoTableViewCell.m in Sources */ = {isa = PBXBuildFile; fileRef = 4D0FEE7B212BB03E0021E9E8 /* TCMHInfoTableViewCell.m */; };
		4D0FEEA8212BB03F0021E9E8 /* TNUHeadBgView.m in Sources */ = {isa = PBXBuildFile; fileRef = 4D0FEE7C212BB03E0021E9E8 /* TNUHeadBgView.m */; };
		4D0FEEA9212BB03F0021E9E8 /* TCMHHeaderCell.m in Sources */ = {isa = PBXBuildFile; fileRef = 4D0FEE7D212BB03E0021E9E8 /* TCMHHeaderCell.m */; };
		4D0FEEAA212BB03F0021E9E8 /* TCMHTableFootView.m in Sources */ = {isa = PBXBuildFile; fileRef = 4D0FEE7E212BB03E0021E9E8 /* TCMHTableFootView.m */; };
		4D0FEEAB212BB03F0021E9E8 /* TCMineHeaderSection.m in Sources */ = {isa = PBXBuildFile; fileRef = 4D0FEE80212BB03E0021E9E8 /* TCMineHeaderSection.m */; };
		4D0FEEAC212BB03F0021E9E8 /* TCMHInfoSection.m in Sources */ = {isa = PBXBuildFile; fileRef = 4D0FEE81212BB03E0021E9E8 /* TCMHInfoSection.m */; };
		4D0FEEAD212BB03F0021E9E8 /* TCMyFriendViewController.m in Sources */ = {isa = PBXBuildFile; fileRef = 4D0FEE86212BB03E0021E9E8 /* TCMyFriendViewController.m */; };
		4D0FEEAF212BB03F0021E9E8 /* TCAcountSetViewController.m in Sources */ = {isa = PBXBuildFile; fileRef = 4D0FEE8E212BB03E0021E9E8 /* TCAcountSetViewController.m */; };
		4D0FEEB0212BB03F0021E9E8 /* TCConnetServiceViewController.m in Sources */ = {isa = PBXBuildFile; fileRef = 4D0FEE93212BB03E0021E9E8 /* TCConnetServiceViewController.m */; };
		4D0FEEB1212BB03F0021E9E8 /* TCChangeAvoidViewController.m in Sources */ = {isa = PBXBuildFile; fileRef = 4D0FEE97212BB03F0021E9E8 /* TCChangeAvoidViewController.m */; };
		4D0FEEB2212BB03F0021E9E8 /* TCInventFriendVC.m in Sources */ = {isa = PBXBuildFile; fileRef = 4D0FEE9B212BB03F0021E9E8 /* TCInventFriendVC.m */; };
		4D0FEEB9212BB0A80021E9E8 /* TOBaseSection.m in Sources */ = {isa = PBXBuildFile; fileRef = 4D0FEEB6212BB0A80021E9E8 /* TOBaseSection.m */; };
		4D0FEEBA212BB0A80021E9E8 /* TOTableViewTool.m in Sources */ = {isa = PBXBuildFile; fileRef = 4D0FEEB7212BB0A80021E9E8 /* TOTableViewTool.m */; };
		4D366A2F217091FD004B5E1D /* TCUserInfoViewController.m in Sources */ = {isa = PBXBuildFile; fileRef = 4D366A2C217091FC004B5E1D /* TCUserInfoViewController.m */; };
		4D366A30217091FD004B5E1D /* TCUserInfoViewController.xib in Resources */ = {isa = PBXBuildFile; fileRef = 4D366A2D217091FC004B5E1D /* TCUserInfoViewController.xib */; };
		4DAEE00021256552009FFB4B /* AppDelegate.m in Sources */ = {isa = PBXBuildFile; fileRef = 4DAEDFFF21256552009FFB4B /* AppDelegate.m */; };
		4DAEE00821256553009FFB4B /* Assets.xcassets in Resources */ = {isa = PBXBuildFile; fileRef = 4DAEE00721256553009FFB4B /* Assets.xcassets */; };
		4DAEE00E21256553009FFB4B /* main.m in Sources */ = {isa = PBXBuildFile; fileRef = 4DAEE00D21256553009FFB4B /* main.m */; };
		4DB7E4FF2126573E009FDA22 /* MBProgressHUD.m in Sources */ = {isa = PBXBuildFile; fileRef = 4DB7E4FA2126573E009FDA22 /* MBProgressHUD.m */; };
		4DB7E5002126573E009FDA22 /* MBProgressHUD+MJ.m in Sources */ = {isa = PBXBuildFile; fileRef = 4DB7E4FD2126573E009FDA22 /* MBProgressHUD+MJ.m */; };
		4DB7E5012126573E009FDA22 /* MBProgressHUD.bundle in Resources */ = {isa = PBXBuildFile; fileRef = 4DB7E4FE2126573E009FDA22 /* MBProgressHUD.bundle */; };
		4DB7E51C21265880009FDA22 /* WMPageController.m in Sources */ = {isa = PBXBuildFile; fileRef = 4DB7E51B21265880009FDA22 /* WMPageController.m */; };
		4DB7E5262126589F009FDA22 /* WMScrollView.m in Sources */ = {isa = PBXBuildFile; fileRef = 4DB7E51F2126589E009FDA22 /* WMScrollView.m */; };
		4DB7E5272126589F009FDA22 /* WMMenuView.m in Sources */ = {isa = PBXBuildFile; fileRef = 4DB7E5202126589E009FDA22 /* WMMenuView.m */; };
		4DB7E5282126589F009FDA22 /* WMProgressView.m in Sources */ = {isa = PBXBuildFile; fileRef = 4DB7E5232126589F009FDA22 /* WMProgressView.m */; };
		4DB7E5292126589F009FDA22 /* WMMenuItem.m in Sources */ = {isa = PBXBuildFile; fileRef = 4DB7E5252126589F009FDA22 /* WMMenuItem.m */; };
		4DB7E54A21265C02009FDA22 /* UIColor+Hex.m in Sources */ = {isa = PBXBuildFile; fileRef = 4DB7E54921265C01009FDA22 /* UIColor+Hex.m */; };
		4DB7E54D21265C65009FDA22 /* NSObject+EFoundation.m in Sources */ = {isa = PBXBuildFile; fileRef = 4DB7E54C21265C65009FDA22 /* NSObject+EFoundation.m */; };
		4DB7E55021265C8B009FDA22 /* UIView+AddOther.m in Sources */ = {isa = PBXBuildFile; fileRef = 4DB7E54E21265C8B009FDA22 /* UIView+AddOther.m */; };
		4DB7E55321265DB8009FDA22 /* UITableView+TRegisterCell.m in Sources */ = {isa = PBXBuildFile; fileRef = 4DB7E55121265DB8009FDA22 /* UITableView+TRegisterCell.m */; };
		4DB7E55621265DDC009FDA22 /* UIView+Nib.m in Sources */ = {isa = PBXBuildFile; fileRef = 4DB7E55521265DDC009FDA22 /* UIView+Nib.m */; };
		4DB7E55A21265E06009FDA22 /* T2TView.m in Sources */ = {isa = PBXBuildFile; fileRef = 4DB7E55821265E06009FDA22 /* T2TView.m */; };
		4DB7E55D21266185009FDA22 /* NSString+MD5.m in Sources */ = {isa = PBXBuildFile; fileRef = 4DB7E55B21266185009FDA22 /* NSString+MD5.m */; };
		4DB7E56321266246009FDA22 /* TBaseViewcontroller.m in Sources */ = {isa = PBXBuildFile; fileRef = 4DB7E56121266246009FDA22 /* TBaseViewcontroller.m */; };
		4DB7E56421266246009FDA22 /* TNavViewController.m in Sources */ = {isa = PBXBuildFile; fileRef = 4DB7E56221266246009FDA22 /* TNavViewController.m */; };
		4DB7E5BA212675E3009FDA22 /* TTabBarViewController.m in Sources */ = {isa = PBXBuildFile; fileRef = 4DB7E5B9212675E3009FDA22 /* TTabBarViewController.m */; };
		4DB7E5BD21269732009FDA22 /* UIImage+TUtil.m in Sources */ = {isa = PBXBuildFile; fileRef = 4DB7E5BC21269732009FDA22 /* UIImage+TUtil.m */; };
		4DB7E5C421269914009FDA22 /* TSMineViewController.m in Sources */ = {isa = PBXBuildFile; fileRef = 4DB7E5C321269914009FDA22 /* TSMineViewController.m */; };
		4DB7E5C72126993A009FDA22 /* TSEarningViewController.m in Sources */ = {isa = PBXBuildFile; fileRef = 4DB7E5C62126993A009FDA22 /* TSEarningViewController.m */; };
		4DB7E5CA21269946009FDA22 /* TSOrderViewController.m in Sources */ = {isa = PBXBuildFile; fileRef = 4DB7E5C921269946009FDA22 /* TSOrderViewController.m */; };
		4DB7E5CE2126995D009FDA22 /* TSHomeViewController.m in Sources */ = {isa = PBXBuildFile; fileRef = 4DB7E5CD2126995D009FDA22 /* TSHomeViewController.m */; };
		4DB7E6142126B3F3009FDA22 /* TComputerTextHeightTool.m in Sources */ = {isa = PBXBuildFile; fileRef = 4DB7E6122126B3F3009FDA22 /* TComputerTextHeightTool.m */; };
		4DB7E6172126B40B009FDA22 /* UIBarButtonItem+WB.m in Sources */ = {isa = PBXBuildFile; fileRef = 4DB7E6152126B40B009FDA22 /* UIBarButtonItem+WB.m */; };
		4DB7E6192126B48A009FDA22 /* LaunchScreen.xib in Resources */ = {isa = PBXBuildFile; fileRef = 4DB7E6182126B489009FDA22 /* LaunchScreen.xib */; };
		BCA3E055216BA636004B7C19 /* TAlertController.m in Sources */ = {isa = PBXBuildFile; fileRef = BCA3E044216BA636004B7C19 /* TAlertController.m */; };
		BCA3E056216BA636004B7C19 /* MMAlertView.m in Sources */ = {isa = PBXBuildFile; fileRef = BCA3E045216BA636004B7C19 /* MMAlertView.m */; };
		BCA3E057216BA636004B7C19 /* MMSheetView.m in Sources */ = {isa = PBXBuildFile; fileRef = BCA3E046216BA636004B7C19 /* MMSheetView.m */; };
		BCA3E058216BA636004B7C19 /* MMPopupCategory.m in Sources */ = {isa = PBXBuildFile; fileRef = BCA3E048216BA636004B7C19 /* MMPopupCategory.m */; };
		BCA3E059216BA636004B7C19 /* MMPopupWindow.m in Sources */ = {isa = PBXBuildFile; fileRef = BCA3E04B216BA636004B7C19 /* MMPopupWindow.m */; };
		BCA3E05A216BA636004B7C19 /* MMPopupView.m in Sources */ = {isa = PBXBuildFile; fileRef = BCA3E050216BA636004B7C19 /* MMPopupView.m */; };
		BCA3E05B216BA636004B7C19 /* TPopViewController.m in Sources */ = {isa = PBXBuildFile; fileRef = BCA3E052216BA636004B7C19 /* TPopViewController.m */; };
		BCA3E05C216BA636004B7C19 /* MMPopupItem.m in Sources */ = {isa = PBXBuildFile; fileRef = BCA3E054216BA636004B7C19 /* MMPopupItem.m */; };
		BCA3E065216BA707004B7C19 /* TCSelectAreaView.xib in Resources */ = {isa = PBXBuildFile; fileRef = BCA3E05E216BA707004B7C19 /* TCSelectAreaView.xib */; };
		BCA3E066216BA707004B7C19 /* TAreaTool.m in Sources */ = {isa = PBXBuildFile; fileRef = BCA3E05F216BA707004B7C19 /* TAreaTool.m */; };
		BCA3E067216BA707004B7C19 /* TCSelectAreaView.m in Sources */ = {isa = PBXBuildFile; fileRef = BCA3E060216BA707004B7C19 /* TCSelectAreaView.m */; };
		BCA3E068216BA707004B7C19 /* TAreaModel.m in Sources */ = {isa = PBXBuildFile; fileRef = BCA3E061216BA707004B7C19 /* TAreaModel.m */; };
		BCA3E06C216BA74B004B7C19 /* TUploadTool.m in Sources */ = {isa = PBXBuildFile; fileRef = BCA3E06B216BA74B004B7C19 /* TUploadTool.m */; };
		BCA3E071216BA74F004B7C19 /* TFailhub.xib in Resources */ = {isa = PBXBuildFile; fileRef = BCA3E06F216BA74F004B7C19 /* TFailhub.xib */; };
		BCA3E072216BA74F004B7C19 /* TFailhub.m in Sources */ = {isa = PBXBuildFile; fileRef = BCA3E070216BA74F004B7C19 /* TFailhub.m */; };
		BCA3E078216BA758004B7C19 /* TLodingHub.m in Sources */ = {isa = PBXBuildFile; fileRef = BCA3E074216BA758004B7C19 /* TLodingHub.m */; };
		BCA3E079216BA758004B7C19 /* TLodingHub.xib in Resources */ = {isa = PBXBuildFile; fileRef = BCA3E075216BA758004B7C19 /* TLodingHub.xib */; };
		BCA3E07A216BA758004B7C19 /* loding.gif in Resources */ = {isa = PBXBuildFile; fileRef = BCA3E077216BA758004B7C19 /* loding.gif */; };
		BCA3E082216BA764004B7C19 /* ESystemTool.m in Sources */ = {isa = PBXBuildFile; fileRef = BCA3E07C216BA763004B7C19 /* ESystemTool.m */; };
		BCA3E083216BA764004B7C19 /* ESandBoxTool.m in Sources */ = {isa = PBXBuildFile; fileRef = BCA3E07E216BA764004B7C19 /* ESandBoxTool.m */; };
		BCA3E084216BA764004B7C19 /* EGetCacheSize.m in Sources */ = {isa = PBXBuildFile; fileRef = BCA3E07F216BA764004B7C19 /* EGetCacheSize.m */; };
		BCA3E08A216BA76C004B7C19 /* TResponse.m in Sources */ = {isa = PBXBuildFile; fileRef = BCA3E086216BA76C004B7C19 /* TResponse.m */; };
		BCA3E08B216BA76C004B7C19 /* THTTPRequestTool.m in Sources */ = {isa = PBXBuildFile; fileRef = BCA3E088216BA76C004B7C19 /* THTTPRequestTool.m */; };
		BCA3E08E216BA840004B7C19 /* NSString+TDigest.m in Sources */ = {isa = PBXBuildFile; fileRef = BCA3E08C216BA840004B7C19 /* NSString+TDigest.m */; };
		BCA3E09E216BA86F004B7C19 /* TCRegisterViewController.m in Sources */ = {isa = PBXBuildFile; fileRef = BCA3E091216BA86E004B7C19 /* TCRegisterViewController.m */; };
		BCA3E09F216BA86F004B7C19 /* TCRegisterViewController.xib in Resources */ = {isa = PBXBuildFile; fileRef = BCA3E093216BA86E004B7C19 /* TCRegisterViewController.xib */; };
		BCA3E0A0216BA86F004B7C19 /* TCLoginViewController.xib in Resources */ = {isa = PBXBuildFile; fileRef = BCA3E096216BA86F004B7C19 /* TCLoginViewController.xib */; };
		BCA3E0A1216BA86F004B7C19 /* TCLoginViewController.m in Sources */ = {isa = PBXBuildFile; fileRef = BCA3E097216BA86F004B7C19 /* TCLoginViewController.m */; };
		BCA3E0A2216BA86F004B7C19 /* TCUserManger.m in Sources */ = {isa = PBXBuildFile; fileRef = BCA3E09A216BA86F004B7C19 /* TCUserManger.m */; };
		BCA3E0A3216BA86F004B7C19 /* TCUserInfoModel.m in Sources */ = {isa = PBXBuildFile; fileRef = BCA3E09B216BA86F004B7C19 /* TCUserInfoModel.m */; };
		BCA3E0A9216BA8C2004B7C19 /* TCChangePwdViewController.xib in Resources */ = {isa = PBXBuildFile; fileRef = BCA3E0A6216BA8C1004B7C19 /* TCChangePwdViewController.xib */; };
		BCA3E0AA216BA8C2004B7C19 /* TCChangePwdViewController.m in Sources */ = {isa = PBXBuildFile; fileRef = BCA3E0A8216BA8C1004B7C19 /* TCChangePwdViewController.m */; };
		BCA3E0AD216BA8EA004B7C19 /* UIImage+Scale.m in Sources */ = {isa = PBXBuildFile; fileRef = BCA3E0AB216BA8EA004B7C19 /* UIImage+Scale.m */; };
		BCEF7D1921718FF200074688 /* TSHRegisterViewController.m in Sources */ = {isa = PBXBuildFile; fileRef = BCEF7D1821718FF200074688 /* TSHRegisterViewController.m */; };
		BCEF7D1C2171901200074688 /* TSHUnlockViewController.m in Sources */ = {isa = PBXBuildFile; fileRef = BCEF7D1B2171901200074688 /* TSHUnlockViewController.m */; };
		BCEF7D23217196CC00074688 /* TSHRegisterCell.m in Sources */ = {isa = PBXBuildFile; fileRef = BCEF7D21217196CC00074688 /* TSHRegisterCell.m */; };
		BCEF7D24217196CC00074688 /* TSHRegisterCell.xib in Resources */ = {isa = PBXBuildFile; fileRef = BCEF7D22217196CC00074688 /* TSHRegisterCell.xib */; };
		BCEF7D2721719DE800074688 /* TSHRegisterOerderListModel.m in Sources */ = {isa = PBXBuildFile; fileRef = BCEF7D2621719DE800074688 /* TSHRegisterOerderListModel.m */; };
		BCEF7D2B2171A1C600074688 /* TSHRegisterSection.m in Sources */ = {isa = PBXBuildFile; fileRef = BCEF7D2A2171A1C600074688 /* TSHRegisterSection.m */; };
		BCEF7D322171A8AE00074688 /* TSHUnLockSection.m in Sources */ = {isa = PBXBuildFile; fileRef = BCEF7D312171A8AE00074688 /* TSHUnLockSection.m */; };
		BCEF7D362171A92500074688 /* TSHUnlockCell.m in Sources */ = {isa = PBXBuildFile; fileRef = BCEF7D342171A92500074688 /* TSHUnlockCell.m */; };
		BCEF7D372171A92500074688 /* TSHUnlockCell.xib in Resources */ = {isa = PBXBuildFile; fileRef = BCEF7D352171A92500074688 /* TSHUnlockCell.xib */; };
		BCEF7D3A2171AE5F00074688 /* TSHUnlockModel.m in Sources */ = {isa = PBXBuildFile; fileRef = BCEF7D392171AE5F00074688 /* TSHUnlockModel.m */; };
		BCEF7D3E2171DA1100074688 /* TSORegisterOrderVC.m in Sources */ = {isa = PBXBuildFile; fileRef = BCEF7D3D2171DA1100074688 /* TSORegisterOrderVC.m */; };
		BCEF7D422171DA4200074688 /* TSOUnlockOrderVC.m in Sources */ = {isa = PBXBuildFile; fileRef = BCEF7D412171DA4200074688 /* TSOUnlockOrderVC.m */; };
		BCEF7D4A2171DC0A00074688 /* TSORegisterOrderModel.m in Sources */ = {isa = PBXBuildFile; fileRef = BCEF7D492171DC0A00074688 /* TSORegisterOrderModel.m */; };
		BCEF7D4D2171DCEB00074688 /* TSRegisterOrderSection.m in Sources */ = {isa = PBXBuildFile; fileRef = BCEF7D4C2171DCEB00074688 /* TSRegisterOrderSection.m */; };
		BCEF7D512171DD0900074688 /* TSRegisterOrderCell.m in Sources */ = {isa = PBXBuildFile; fileRef = BCEF7D4F2171DD0900074688 /* TSRegisterOrderCell.m */; };
		BCEF7D522171DD0900074688 /* TSRegisterOrderCell.xib in Resources */ = {isa = PBXBuildFile; fileRef = BCEF7D502171DD0900074688 /* TSRegisterOrderCell.xib */; };
		BCEF7D582171E55E00074688 /* TSORegisterOrderDetailVC.m in Sources */ = {isa = PBXBuildFile; fileRef = BCEF7D562171E55E00074688 /* TSORegisterOrderDetailVC.m */; };
		BCEF7D592171E55E00074688 /* TSORegisterOrderDetailVC.xib in Resources */ = {isa = PBXBuildFile; fileRef = BCEF7D572171E55E00074688 /* TSORegisterOrderDetailVC.xib */; };
/* End PBXBuildFile section */

/* Begin PBXFileReference section */
		08FECB7C17B011600E97E1B1 /* Pods_TServer.framework */ = {isa = PBXFileReference; explicitFileType = wrapper.framework; includeInIndex = 0; path = Pods_TServer.framework; sourceTree = BUILT_PRODUCTS_DIR; };
		3CA8ED95E0C50A87F1A106B7 /* Pods-TServer.release.xcconfig */ = {isa = PBXFileReference; includeInIndex = 1; lastKnownFileType = text.xcconfig; name = "Pods-TServer.release.xcconfig"; path = "Pods/Target Support Files/Pods-TServer/Pods-TServer.release.xcconfig"; sourceTree = "<group>"; };
		4D0FEE66212BB03E0021E9E8 /* TCUserChangeViewController.m */ = {isa = PBXFileReference; fileEncoding = 4; lastKnownFileType = sourcecode.c.objc; path = TCUserChangeViewController.m; sourceTree = "<group>"; };
		4D0FEE67212BB03E0021E9E8 /* TCUserChangeViewController.h */ = {isa = PBXFileReference; fileEncoding = 4; lastKnownFileType = sourcecode.c.h; path = TCUserChangeViewController.h; sourceTree = "<group>"; };
		4D0FEE6A212BB03E0021E9E8 /* TCAppDownloadViewController.h */ = {isa = PBXFileReference; fileEncoding = 4; lastKnownFileType = sourcecode.c.h; path = TCAppDownloadViewController.h; sourceTree = "<group>"; };
		4D0FEE6B212BB03E0021E9E8 /* TCAppDownloadViewController.m */ = {isa = PBXFileReference; fileEncoding = 4; lastKnownFileType = sourcecode.c.objc; path = TCAppDownloadViewController.m; sourceTree = "<group>"; };
		4D0FEE71212BB03E0021E9E8 /* TCMHCellConfigModel.h */ = {isa = PBXFileReference; fileEncoding = 4; lastKnownFileType = sourcecode.c.h; path = TCMHCellConfigModel.h; sourceTree = "<group>"; };
		4D0FEE72212BB03E0021E9E8 /* TCMHCellConfigModel.m */ = {isa = PBXFileReference; fileEncoding = 4; lastKnownFileType = sourcecode.c.objc; path = TCMHCellConfigModel.m; sourceTree = "<group>"; };
		4D0FEE74212BB03E0021E9E8 /* TCMHHeaderCell.xib */ = {isa = PBXFileReference; fileEncoding = 4; lastKnownFileType = file.xib; path = TCMHHeaderCell.xib; sourceTree = "<group>"; };
		4D0FEE75212BB03E0021E9E8 /* TNUHeadBgView.h */ = {isa = PBXFileReference; fileEncoding = 4; lastKnownFileType = sourcecode.c.h; path = TNUHeadBgView.h; sourceTree = "<group>"; };
		4D0FEE76212BB03E0021E9E8 /* TCMHInfoTableViewCell.h */ = {isa = PBXFileReference; fileEncoding = 4; lastKnownFileType = sourcecode.c.h; path = TCMHInfoTableViewCell.h; sourceTree = "<group>"; };
		4D0FEE77212BB03E0021E9E8 /* TCMHTableFootView.h */ = {isa = PBXFileReference; fileEncoding = 4; lastKnownFileType = sourcecode.c.h; path = TCMHTableFootView.h; sourceTree = "<group>"; };
		4D0FEE78212BB03E0021E9E8 /* TCMHInfoTableViewCell.xib */ = {isa = PBXFileReference; fileEncoding = 4; lastKnownFileType = file.xib; path = TCMHInfoTableViewCell.xib; sourceTree = "<group>"; };
		4D0FEE79212BB03E0021E9E8 /* TCMHHeaderCell.h */ = {isa = PBXFileReference; fileEncoding = 4; lastKnownFileType = sourcecode.c.h; path = TCMHHeaderCell.h; sourceTree = "<group>"; };
		4D0FEE7A212BB03E0021E9E8 /* TCMHTableFootView.xib */ = {isa = PBXFileReference; fileEncoding = 4; lastKnownFileType = file.xib; path = TCMHTableFootView.xib; sourceTree = "<group>"; };
		4D0FEE7B212BB03E0021E9E8 /* TCMHInfoTableViewCell.m */ = {isa = PBXFileReference; fileEncoding = 4; lastKnownFileType = sourcecode.c.objc; path = TCMHInfoTableViewCell.m; sourceTree = "<group>"; };
		4D0FEE7C212BB03E0021E9E8 /* TNUHeadBgView.m */ = {isa = PBXFileReference; fileEncoding = 4; lastKnownFileType = sourcecode.c.objc; path = TNUHeadBgView.m; sourceTree = "<group>"; };
		4D0FEE7D212BB03E0021E9E8 /* TCMHHeaderCell.m */ = {isa = PBXFileReference; fileEncoding = 4; lastKnownFileType = sourcecode.c.objc; path = TCMHHeaderCell.m; sourceTree = "<group>"; };
		4D0FEE7E212BB03E0021E9E8 /* TCMHTableFootView.m */ = {isa = PBXFileReference; fileEncoding = 4; lastKnownFileType = sourcecode.c.objc; path = TCMHTableFootView.m; sourceTree = "<group>"; };
		4D0FEE80212BB03E0021E9E8 /* TCMineHeaderSection.m */ = {isa = PBXFileReference; fileEncoding = 4; lastKnownFileType = sourcecode.c.objc; path = TCMineHeaderSection.m; sourceTree = "<group>"; };
		4D0FEE81212BB03E0021E9E8 /* TCMHInfoSection.m */ = {isa = PBXFileReference; fileEncoding = 4; lastKnownFileType = sourcecode.c.objc; path = TCMHInfoSection.m; sourceTree = "<group>"; };
		4D0FEE82212BB03E0021E9E8 /* TCMineHeaderSection.h */ = {isa = PBXFileReference; fileEncoding = 4; lastKnownFileType = sourcecode.c.h; path = TCMineHeaderSection.h; sourceTree = "<group>"; };
		4D0FEE83212BB03E0021E9E8 /* TCMHInfoSection.h */ = {isa = PBXFileReference; fileEncoding = 4; lastKnownFileType = sourcecode.c.h; path = TCMHInfoSection.h; sourceTree = "<group>"; };
		4D0FEE86212BB03E0021E9E8 /* TCMyFriendViewController.m */ = {isa = PBXFileReference; fileEncoding = 4; lastKnownFileType = sourcecode.c.objc; path = TCMyFriendViewController.m; sourceTree = "<group>"; };
		4D0FEE87212BB03E0021E9E8 /* TCMyFriendViewController.h */ = {isa = PBXFileReference; fileEncoding = 4; lastKnownFileType = sourcecode.c.h; path = TCMyFriendViewController.h; sourceTree = "<group>"; };
		4D0FEE8E212BB03E0021E9E8 /* TCAcountSetViewController.m */ = {isa = PBXFileReference; fileEncoding = 4; lastKnownFileType = sourcecode.c.objc; path = TCAcountSetViewController.m; sourceTree = "<group>"; };
		4D0FEE8F212BB03E0021E9E8 /* TCAcountSetViewController.h */ = {isa = PBXFileReference; fileEncoding = 4; lastKnownFileType = sourcecode.c.h; path = TCAcountSetViewController.h; sourceTree = "<group>"; };
		4D0FEE92212BB03E0021E9E8 /* TCConnetServiceViewController.h */ = {isa = PBXFileReference; fileEncoding = 4; lastKnownFileType = sourcecode.c.h; path = TCConnetServiceViewController.h; sourceTree = "<group>"; };
		4D0FEE93212BB03E0021E9E8 /* TCConnetServiceViewController.m */ = {isa = PBXFileReference; fileEncoding = 4; lastKnownFileType = sourcecode.c.objc; path = TCConnetServiceViewController.m; sourceTree = "<group>"; };
		4D0FEE96212BB03F0021E9E8 /* TCChangeAvoidViewController.h */ = {isa = PBXFileReference; fileEncoding = 4; lastKnownFileType = sourcecode.c.h; path = TCChangeAvoidViewController.h; sourceTree = "<group>"; };
		4D0FEE97212BB03F0021E9E8 /* TCChangeAvoidViewController.m */ = {isa = PBXFileReference; fileEncoding = 4; lastKnownFileType = sourcecode.c.objc; path = TCChangeAvoidViewController.m; sourceTree = "<group>"; };
		4D0FEE9A212BB03F0021E9E8 /* TCInventFriendVC.h */ = {isa = PBXFileReference; fileEncoding = 4; lastKnownFileType = sourcecode.c.h; path = TCInventFriendVC.h; sourceTree = "<group>"; };
		4D0FEE9B212BB03F0021E9E8 /* TCInventFriendVC.m */ = {isa = PBXFileReference; fileEncoding = 4; lastKnownFileType = sourcecode.c.objc; path = TCInventFriendVC.m; sourceTree = "<group>"; };
		4D0FEEB5212BB0A80021E9E8 /* TOTableViewTool.h */ = {isa = PBXFileReference; fileEncoding = 4; lastKnownFileType = sourcecode.c.h; path = TOTableViewTool.h; sourceTree = "<group>"; };
		4D0FEEB6212BB0A80021E9E8 /* TOBaseSection.m */ = {isa = PBXFileReference; fileEncoding = 4; lastKnownFileType = sourcecode.c.objc; path = TOBaseSection.m; sourceTree = "<group>"; };
		4D0FEEB7212BB0A80021E9E8 /* TOTableViewTool.m */ = {isa = PBXFileReference; fileEncoding = 4; lastKnownFileType = sourcecode.c.objc; path = TOTableViewTool.m; sourceTree = "<group>"; };
		4D0FEEB8212BB0A80021E9E8 /* TOBaseSection.h */ = {isa = PBXFileReference; fileEncoding = 4; lastKnownFileType = sourcecode.c.h; path = TOBaseSection.h; sourceTree = "<group>"; };
		4D366A2C217091FC004B5E1D /* TCUserInfoViewController.m */ = {isa = PBXFileReference; fileEncoding = 4; lastKnownFileType = sourcecode.c.objc; path = TCUserInfoViewController.m; sourceTree = "<group>"; };
		4D366A2D217091FC004B5E1D /* TCUserInfoViewController.xib */ = {isa = PBXFileReference; fileEncoding = 4; lastKnownFileType = file.xib; path = TCUserInfoViewController.xib; sourceTree = "<group>"; };
		4D366A2E217091FD004B5E1D /* TCUserInfoViewController.h */ = {isa = PBXFileReference; fileEncoding = 4; lastKnownFileType = sourcecode.c.h; path = TCUserInfoViewController.h; sourceTree = "<group>"; };
		4DAEDFFB21256552009FFB4B /* TServer.app */ = {isa = PBXFileReference; explicitFileType = wrapper.application; includeInIndex = 0; path = TServer.app; sourceTree = BUILT_PRODUCTS_DIR; };
		4DAEDFFE21256552009FFB4B /* AppDelegate.h */ = {isa = PBXFileReference; lastKnownFileType = sourcecode.c.h; path = AppDelegate.h; sourceTree = "<group>"; };
		4DAEDFFF21256552009FFB4B /* AppDelegate.m */ = {isa = PBXFileReference; lastKnownFileType = sourcecode.c.objc; path = AppDelegate.m; sourceTree = "<group>"; };
		4DAEE00721256553009FFB4B /* Assets.xcassets */ = {isa = PBXFileReference; lastKnownFileType = folder.assetcatalog; path = Assets.xcassets; sourceTree = "<group>"; };
		4DAEE00C21256553009FFB4B /* Info.plist */ = {isa = PBXFileReference; lastKnownFileType = text.plist.xml; path = Info.plist; sourceTree = "<group>"; };
		4DAEE00D21256553009FFB4B /* main.m */ = {isa = PBXFileReference; lastKnownFileType = sourcecode.c.objc; path = main.m; sourceTree = "<group>"; };
		4DB7E4FA2126573E009FDA22 /* MBProgressHUD.m */ = {isa = PBXFileReference; fileEncoding = 4; lastKnownFileType = sourcecode.c.objc; path = MBProgressHUD.m; sourceTree = "<group>"; };
		4DB7E4FB2126573E009FDA22 /* MBProgressHUD+MJ.h */ = {isa = PBXFileReference; fileEncoding = 4; lastKnownFileType = sourcecode.c.h; path = "MBProgressHUD+MJ.h"; sourceTree = "<group>"; };
		4DB7E4FC2126573E009FDA22 /* MBProgressHUD.h */ = {isa = PBXFileReference; fileEncoding = 4; lastKnownFileType = sourcecode.c.h; path = MBProgressHUD.h; sourceTree = "<group>"; };
		4DB7E4FD2126573E009FDA22 /* MBProgressHUD+MJ.m */ = {isa = PBXFileReference; fileEncoding = 4; lastKnownFileType = sourcecode.c.objc; path = "MBProgressHUD+MJ.m"; sourceTree = "<group>"; };
		4DB7E4FE2126573E009FDA22 /* MBProgressHUD.bundle */ = {isa = PBXFileReference; lastKnownFileType = "wrapper.plug-in"; path = MBProgressHUD.bundle; sourceTree = "<group>"; };
		4DB7E51921265880009FDA22 /* WMPageConst.h */ = {isa = PBXFileReference; fileEncoding = 4; lastKnownFileType = sourcecode.c.h; path = WMPageConst.h; sourceTree = "<group>"; };
		4DB7E51A21265880009FDA22 /* WMPageController.h */ = {isa = PBXFileReference; fileEncoding = 4; lastKnownFileType = sourcecode.c.h; path = WMPageController.h; sourceTree = "<group>"; };
		4DB7E51B21265880009FDA22 /* WMPageController.m */ = {isa = PBXFileReference; fileEncoding = 4; lastKnownFileType = sourcecode.c.objc; path = WMPageController.m; sourceTree = "<group>"; };
		4DB7E51E2126589E009FDA22 /* WMScrollView.h */ = {isa = PBXFileReference; fileEncoding = 4; lastKnownFileType = sourcecode.c.h; path = WMScrollView.h; sourceTree = "<group>"; };
		4DB7E51F2126589E009FDA22 /* WMScrollView.m */ = {isa = PBXFileReference; fileEncoding = 4; lastKnownFileType = sourcecode.c.objc; path = WMScrollView.m; sourceTree = "<group>"; };
		4DB7E5202126589E009FDA22 /* WMMenuView.m */ = {isa = PBXFileReference; fileEncoding = 4; lastKnownFileType = sourcecode.c.objc; path = WMMenuView.m; sourceTree = "<group>"; };
		4DB7E5212126589E009FDA22 /* WMMenuView.h */ = {isa = PBXFileReference; fileEncoding = 4; lastKnownFileType = sourcecode.c.h; path = WMMenuView.h; sourceTree = "<group>"; };
		4DB7E5222126589F009FDA22 /* WMMenuItem.h */ = {isa = PBXFileReference; fileEncoding = 4; lastKnownFileType = sourcecode.c.h; path = WMMenuItem.h; sourceTree = "<group>"; };
		4DB7E5232126589F009FDA22 /* WMProgressView.m */ = {isa = PBXFileReference; fileEncoding = 4; lastKnownFileType = sourcecode.c.objc; path = WMProgressView.m; sourceTree = "<group>"; };
		4DB7E5242126589F009FDA22 /* WMProgressView.h */ = {isa = PBXFileReference; fileEncoding = 4; lastKnownFileType = sourcecode.c.h; path = WMProgressView.h; sourceTree = "<group>"; };
		4DB7E5252126589F009FDA22 /* WMMenuItem.m */ = {isa = PBXFileReference; fileEncoding = 4; lastKnownFileType = sourcecode.c.objc; path = WMMenuItem.m; sourceTree = "<group>"; };
		4DB7E5452126593C009FDA22 /* TBasicDefine.h */ = {isa = PBXFileReference; lastKnownFileType = sourcecode.c.h; path = TBasicDefine.h; sourceTree = "<group>"; };
		4DB7E546212659E2009FDA22 /* TServer.pch */ = {isa = PBXFileReference; lastKnownFileType = sourcecode.c.h; path = TServer.pch; sourceTree = "<group>"; };
		4DB7E54821265C01009FDA22 /* UIColor+Hex.h */ = {isa = PBXFileReference; fileEncoding = 4; lastKnownFileType = sourcecode.c.h; path = "UIColor+Hex.h"; sourceTree = "<group>"; };
		4DB7E54921265C01009FDA22 /* UIColor+Hex.m */ = {isa = PBXFileReference; fileEncoding = 4; lastKnownFileType = sourcecode.c.objc; path = "UIColor+Hex.m"; sourceTree = "<group>"; };
		4DB7E54B21265C65009FDA22 /* NSObject+EFoundation.h */ = {isa = PBXFileReference; fileEncoding = 4; lastKnownFileType = sourcecode.c.h; path = "NSObject+EFoundation.h"; sourceTree = "<group>"; };
		4DB7E54C21265C65009FDA22 /* NSObject+EFoundation.m */ = {isa = PBXFileReference; fileEncoding = 4; lastKnownFileType = sourcecode.c.objc; path = "NSObject+EFoundation.m"; sourceTree = "<group>"; };
		4DB7E54E21265C8B009FDA22 /* UIView+AddOther.m */ = {isa = PBXFileReference; fileEncoding = 4; lastKnownFileType = sourcecode.c.objc; path = "UIView+AddOther.m"; sourceTree = "<group>"; };
		4DB7E54F21265C8B009FDA22 /* UIView+AddOther.h */ = {isa = PBXFileReference; fileEncoding = 4; lastKnownFileType = sourcecode.c.h; path = "UIView+AddOther.h"; sourceTree = "<group>"; };
		4DB7E55121265DB8009FDA22 /* UITableView+TRegisterCell.m */ = {isa = PBXFileReference; fileEncoding = 4; lastKnownFileType = sourcecode.c.objc; path = "UITableView+TRegisterCell.m"; sourceTree = "<group>"; };
		4DB7E55221265DB8009FDA22 /* UITableView+TRegisterCell.h */ = {isa = PBXFileReference; fileEncoding = 4; lastKnownFileType = sourcecode.c.h; path = "UITableView+TRegisterCell.h"; sourceTree = "<group>"; };
		4DB7E55421265DDC009FDA22 /* UIView+Nib.h */ = {isa = PBXFileReference; fileEncoding = 4; lastKnownFileType = sourcecode.c.h; path = "UIView+Nib.h"; sourceTree = "<group>"; };
		4DB7E55521265DDC009FDA22 /* UIView+Nib.m */ = {isa = PBXFileReference; fileEncoding = 4; lastKnownFileType = sourcecode.c.objc; path = "UIView+Nib.m"; sourceTree = "<group>"; };
		4DB7E55821265E06009FDA22 /* T2TView.m */ = {isa = PBXFileReference; fileEncoding = 4; lastKnownFileType = sourcecode.c.objc; path = T2TView.m; sourceTree = "<group>"; };
		4DB7E55921265E06009FDA22 /* T2TView.h */ = {isa = PBXFileReference; fileEncoding = 4; lastKnownFileType = sourcecode.c.h; path = T2TView.h; sourceTree = "<group>"; };
		4DB7E55B21266185009FDA22 /* NSString+MD5.m */ = {isa = PBXFileReference; fileEncoding = 4; lastKnownFileType = sourcecode.c.objc; path = "NSString+MD5.m"; sourceTree = "<group>"; };
		4DB7E55C21266185009FDA22 /* NSString+MD5.h */ = {isa = PBXFileReference; fileEncoding = 4; lastKnownFileType = sourcecode.c.h; path = "NSString+MD5.h"; sourceTree = "<group>"; };
		4DB7E55F21266246009FDA22 /* TBaseViewcontroller.h */ = {isa = PBXFileReference; fileEncoding = 4; lastKnownFileType = sourcecode.c.h; path = TBaseViewcontroller.h; sourceTree = "<group>"; };
		4DB7E56021266246009FDA22 /* TNavViewController.h */ = {isa = PBXFileReference; fileEncoding = 4; lastKnownFileType = sourcecode.c.h; path = TNavViewController.h; sourceTree = "<group>"; };
		4DB7E56121266246009FDA22 /* TBaseViewcontroller.m */ = {isa = PBXFileReference; fileEncoding = 4; lastKnownFileType = sourcecode.c.objc; path = TBaseViewcontroller.m; sourceTree = "<group>"; };
		4DB7E56221266246009FDA22 /* TNavViewController.m */ = {isa = PBXFileReference; fileEncoding = 4; lastKnownFileType = sourcecode.c.objc; path = TNavViewController.m; sourceTree = "<group>"; };
		4DB7E5B8212675E3009FDA22 /* TTabBarViewController.h */ = {isa = PBXFileReference; lastKnownFileType = sourcecode.c.h; path = TTabBarViewController.h; sourceTree = "<group>"; };
		4DB7E5B9212675E3009FDA22 /* TTabBarViewController.m */ = {isa = PBXFileReference; lastKnownFileType = sourcecode.c.objc; path = TTabBarViewController.m; sourceTree = "<group>"; };
		4DB7E5BB21269732009FDA22 /* UIImage+TUtil.h */ = {isa = PBXFileReference; fileEncoding = 4; lastKnownFileType = sourcecode.c.h; path = "UIImage+TUtil.h"; sourceTree = "<group>"; };
		4DB7E5BC21269732009FDA22 /* UIImage+TUtil.m */ = {isa = PBXFileReference; fileEncoding = 4; lastKnownFileType = sourcecode.c.objc; path = "UIImage+TUtil.m"; sourceTree = "<group>"; };
		4DB7E5C221269914009FDA22 /* TSMineViewController.h */ = {isa = PBXFileReference; lastKnownFileType = sourcecode.c.h; path = TSMineViewController.h; sourceTree = "<group>"; };
		4DB7E5C321269914009FDA22 /* TSMineViewController.m */ = {isa = PBXFileReference; lastKnownFileType = sourcecode.c.objc; path = TSMineViewController.m; sourceTree = "<group>"; };
		4DB7E5C52126993A009FDA22 /* TSEarningViewController.h */ = {isa = PBXFileReference; lastKnownFileType = sourcecode.c.h; path = TSEarningViewController.h; sourceTree = "<group>"; };
		4DB7E5C62126993A009FDA22 /* TSEarningViewController.m */ = {isa = PBXFileReference; lastKnownFileType = sourcecode.c.objc; path = TSEarningViewController.m; sourceTree = "<group>"; };
		4DB7E5C821269946009FDA22 /* TSOrderViewController.h */ = {isa = PBXFileReference; lastKnownFileType = sourcecode.c.h; path = TSOrderViewController.h; sourceTree = "<group>"; };
		4DB7E5C921269946009FDA22 /* TSOrderViewController.m */ = {isa = PBXFileReference; lastKnownFileType = sourcecode.c.objc; path = TSOrderViewController.m; sourceTree = "<group>"; };
		4DB7E5CC2126995D009FDA22 /* TSHomeViewController.h */ = {isa = PBXFileReference; lastKnownFileType = sourcecode.c.h; path = TSHomeViewController.h; sourceTree = "<group>"; };
		4DB7E5CD2126995D009FDA22 /* TSHomeViewController.m */ = {isa = PBXFileReference; lastKnownFileType = sourcecode.c.objc; path = TSHomeViewController.m; sourceTree = "<group>"; };
		4DB7E6122126B3F3009FDA22 /* TComputerTextHeightTool.m */ = {isa = PBXFileReference; fileEncoding = 4; lastKnownFileType = sourcecode.c.objc; path = TComputerTextHeightTool.m; sourceTree = "<group>"; };
		4DB7E6132126B3F3009FDA22 /* TComputerTextHeightTool.h */ = {isa = PBXFileReference; fileEncoding = 4; lastKnownFileType = sourcecode.c.h; path = TComputerTextHeightTool.h; sourceTree = "<group>"; };
		4DB7E6152126B40B009FDA22 /* UIBarButtonItem+WB.m */ = {isa = PBXFileReference; fileEncoding = 4; lastKnownFileType = sourcecode.c.objc; path = "UIBarButtonItem+WB.m"; sourceTree = "<group>"; };
		4DB7E6162126B40B009FDA22 /* UIBarButtonItem+WB.h */ = {isa = PBXFileReference; fileEncoding = 4; lastKnownFileType = sourcecode.c.h; path = "UIBarButtonItem+WB.h"; sourceTree = "<group>"; };
		4DB7E6182126B489009FDA22 /* LaunchScreen.xib */ = {isa = PBXFileReference; fileEncoding = 4; lastKnownFileType = file.xib; path = LaunchScreen.xib; sourceTree = "<group>"; };
		6360EBF9EB7840515C4895A1 /* Pods-TServer.debug.xcconfig */ = {isa = PBXFileReference; includeInIndex = 1; lastKnownFileType = text.xcconfig; name = "Pods-TServer.debug.xcconfig"; path = "Pods/Target Support Files/Pods-TServer/Pods-TServer.debug.xcconfig"; sourceTree = "<group>"; };
		BCA3E044216BA636004B7C19 /* TAlertController.m */ = {isa = PBXFileReference; fileEncoding = 4; lastKnownFileType = sourcecode.c.objc; path = TAlertController.m; sourceTree = "<group>"; };
		BCA3E045216BA636004B7C19 /* MMAlertView.m */ = {isa = PBXFileReference; fileEncoding = 4; lastKnownFileType = sourcecode.c.objc; path = MMAlertView.m; sourceTree = "<group>"; };
		BCA3E046216BA636004B7C19 /* MMSheetView.m */ = {isa = PBXFileReference; fileEncoding = 4; lastKnownFileType = sourcecode.c.objc; path = MMSheetView.m; sourceTree = "<group>"; };
		BCA3E047216BA636004B7C19 /* MMPopupView.h */ = {isa = PBXFileReference; fileEncoding = 4; lastKnownFileType = sourcecode.c.h; path = MMPopupView.h; sourceTree = "<group>"; };
		BCA3E048216BA636004B7C19 /* MMPopupCategory.m */ = {isa = PBXFileReference; fileEncoding = 4; lastKnownFileType = sourcecode.c.objc; path = MMPopupCategory.m; sourceTree = "<group>"; };
		BCA3E049216BA636004B7C19 /* MMPopupItem.h */ = {isa = PBXFileReference; fileEncoding = 4; lastKnownFileType = sourcecode.c.h; path = MMPopupItem.h; sourceTree = "<group>"; };
		BCA3E04A216BA636004B7C19 /* TPopViewController.h */ = {isa = PBXFileReference; fileEncoding = 4; lastKnownFileType = sourcecode.c.h; path = TPopViewController.h; sourceTree = "<group>"; };
		BCA3E04B216BA636004B7C19 /* MMPopupWindow.m */ = {isa = PBXFileReference; fileEncoding = 4; lastKnownFileType = sourcecode.c.objc; path = MMPopupWindow.m; sourceTree = "<group>"; };
		BCA3E04C216BA636004B7C19 /* TAlertController.h */ = {isa = PBXFileReference; fileEncoding = 4; lastKnownFileType = sourcecode.c.h; path = TAlertController.h; sourceTree = "<group>"; };
		BCA3E04D216BA636004B7C19 /* MMSheetView.h */ = {isa = PBXFileReference; fileEncoding = 4; lastKnownFileType = sourcecode.c.h; path = MMSheetView.h; sourceTree = "<group>"; };
		BCA3E04E216BA636004B7C19 /* MMPopupDefine.h */ = {isa = PBXFileReference; fileEncoding = 4; lastKnownFileType = sourcecode.c.h; path = MMPopupDefine.h; sourceTree = "<group>"; };
		BCA3E04F216BA636004B7C19 /* MMAlertView.h */ = {isa = PBXFileReference; fileEncoding = 4; lastKnownFileType = sourcecode.c.h; path = MMAlertView.h; sourceTree = "<group>"; };
		BCA3E050216BA636004B7C19 /* MMPopupView.m */ = {isa = PBXFileReference; fileEncoding = 4; lastKnownFileType = sourcecode.c.objc; path = MMPopupView.m; sourceTree = "<group>"; };
		BCA3E051216BA636004B7C19 /* MMPopupWindow.h */ = {isa = PBXFileReference; fileEncoding = 4; lastKnownFileType = sourcecode.c.h; path = MMPopupWindow.h; sourceTree = "<group>"; };
		BCA3E052216BA636004B7C19 /* TPopViewController.m */ = {isa = PBXFileReference; fileEncoding = 4; lastKnownFileType = sourcecode.c.objc; path = TPopViewController.m; sourceTree = "<group>"; };
		BCA3E053216BA636004B7C19 /* MMPopupCategory.h */ = {isa = PBXFileReference; fileEncoding = 4; lastKnownFileType = sourcecode.c.h; path = MMPopupCategory.h; sourceTree = "<group>"; };
		BCA3E054216BA636004B7C19 /* MMPopupItem.m */ = {isa = PBXFileReference; fileEncoding = 4; lastKnownFileType = sourcecode.c.objc; path = MMPopupItem.m; sourceTree = "<group>"; };
		BCA3E05E216BA707004B7C19 /* TCSelectAreaView.xib */ = {isa = PBXFileReference; fileEncoding = 4; lastKnownFileType = file.xib; path = TCSelectAreaView.xib; sourceTree = "<group>"; };
		BCA3E05F216BA707004B7C19 /* TAreaTool.m */ = {isa = PBXFileReference; fileEncoding = 4; lastKnownFileType = sourcecode.c.objc; path = TAreaTool.m; sourceTree = "<group>"; };
		BCA3E060216BA707004B7C19 /* TCSelectAreaView.m */ = {isa = PBXFileReference; fileEncoding = 4; lastKnownFileType = sourcecode.c.objc; path = TCSelectAreaView.m; sourceTree = "<group>"; };
		BCA3E061216BA707004B7C19 /* TAreaModel.m */ = {isa = PBXFileReference; fileEncoding = 4; lastKnownFileType = sourcecode.c.objc; path = TAreaModel.m; sourceTree = "<group>"; };
		BCA3E062216BA707004B7C19 /* TAreaTool.h */ = {isa = PBXFileReference; fileEncoding = 4; lastKnownFileType = sourcecode.c.h; path = TAreaTool.h; sourceTree = "<group>"; };
		BCA3E063216BA707004B7C19 /* TCSelectAreaView.h */ = {isa = PBXFileReference; fileEncoding = 4; lastKnownFileType = sourcecode.c.h; path = TCSelectAreaView.h; sourceTree = "<group>"; };
		BCA3E064216BA707004B7C19 /* TAreaModel.h */ = {isa = PBXFileReference; fileEncoding = 4; lastKnownFileType = sourcecode.c.h; path = TAreaModel.h; sourceTree = "<group>"; };
		BCA3E06A216BA74B004B7C19 /* TUploadTool.h */ = {isa = PBXFileReference; fileEncoding = 4; lastKnownFileType = sourcecode.c.h; path = TUploadTool.h; sourceTree = "<group>"; };
		BCA3E06B216BA74B004B7C19 /* TUploadTool.m */ = {isa = PBXFileReference; fileEncoding = 4; lastKnownFileType = sourcecode.c.objc; path = TUploadTool.m; sourceTree = "<group>"; };
		BCA3E06E216BA74F004B7C19 /* TFailhub.h */ = {isa = PBXFileReference; fileEncoding = 4; lastKnownFileType = sourcecode.c.h; path = TFailhub.h; sourceTree = "<group>"; };
		BCA3E06F216BA74F004B7C19 /* TFailhub.xib */ = {isa = PBXFileReference; fileEncoding = 4; lastKnownFileType = file.xib; path = TFailhub.xib; sourceTree = "<group>"; };
		BCA3E070216BA74F004B7C19 /* TFailhub.m */ = {isa = PBXFileReference; fileEncoding = 4; lastKnownFileType = sourcecode.c.objc; path = TFailhub.m; sourceTree = "<group>"; };
		BCA3E074216BA758004B7C19 /* TLodingHub.m */ = {isa = PBXFileReference; fileEncoding = 4; lastKnownFileType = sourcecode.c.objc; path = TLodingHub.m; sourceTree = "<group>"; };
		BCA3E075216BA758004B7C19 /* TLodingHub.xib */ = {isa = PBXFileReference; fileEncoding = 4; lastKnownFileType = file.xib; path = TLodingHub.xib; sourceTree = "<group>"; };
		BCA3E076216BA758004B7C19 /* TLodingHub.h */ = {isa = PBXFileReference; fileEncoding = 4; lastKnownFileType = sourcecode.c.h; path = TLodingHub.h; sourceTree = "<group>"; };
		BCA3E077216BA758004B7C19 /* loding.gif */ = {isa = PBXFileReference; lastKnownFileType = image.gif; path = loding.gif; sourceTree = "<group>"; };
		BCA3E07C216BA763004B7C19 /* ESystemTool.m */ = {isa = PBXFileReference; fileEncoding = 4; lastKnownFileType = sourcecode.c.objc; path = ESystemTool.m; sourceTree = "<group>"; };
		BCA3E07D216BA763004B7C19 /* EGetCacheSize.h */ = {isa = PBXFileReference; fileEncoding = 4; lastKnownFileType = sourcecode.c.h; path = EGetCacheSize.h; sourceTree = "<group>"; };
		BCA3E07E216BA764004B7C19 /* ESandBoxTool.m */ = {isa = PBXFileReference; fileEncoding = 4; lastKnownFileType = sourcecode.c.objc; path = ESandBoxTool.m; sourceTree = "<group>"; };
		BCA3E07F216BA764004B7C19 /* EGetCacheSize.m */ = {isa = PBXFileReference; fileEncoding = 4; lastKnownFileType = sourcecode.c.objc; path = EGetCacheSize.m; sourceTree = "<group>"; };
		BCA3E080216BA764004B7C19 /* ESystemTool.h */ = {isa = PBXFileReference; fileEncoding = 4; lastKnownFileType = sourcecode.c.h; path = ESystemTool.h; sourceTree = "<group>"; };
		BCA3E081216BA764004B7C19 /* ESandBoxTool.h */ = {isa = PBXFileReference; fileEncoding = 4; lastKnownFileType = sourcecode.c.h; path = ESandBoxTool.h; sourceTree = "<group>"; };
		BCA3E086216BA76C004B7C19 /* TResponse.m */ = {isa = PBXFileReference; fileEncoding = 4; lastKnownFileType = sourcecode.c.objc; path = TResponse.m; sourceTree = "<group>"; };
		BCA3E087216BA76C004B7C19 /* THTTPRequestTool.h */ = {isa = PBXFileReference; fileEncoding = 4; lastKnownFileType = sourcecode.c.h; path = THTTPRequestTool.h; sourceTree = "<group>"; };
		BCA3E088216BA76C004B7C19 /* THTTPRequestTool.m */ = {isa = PBXFileReference; fileEncoding = 4; lastKnownFileType = sourcecode.c.objc; path = THTTPRequestTool.m; sourceTree = "<group>"; };
		BCA3E089216BA76C004B7C19 /* TResponse.h */ = {isa = PBXFileReference; fileEncoding = 4; lastKnownFileType = sourcecode.c.h; path = TResponse.h; sourceTree = "<group>"; };
		BCA3E08C216BA840004B7C19 /* NSString+TDigest.m */ = {isa = PBXFileReference; fileEncoding = 4; lastKnownFileType = sourcecode.c.objc; path = "NSString+TDigest.m"; sourceTree = "<group>"; };
		BCA3E08D216BA840004B7C19 /* NSString+TDigest.h */ = {isa = PBXFileReference; fileEncoding = 4; lastKnownFileType = sourcecode.c.h; path = "NSString+TDigest.h"; sourceTree = "<group>"; };
		BCA3E091216BA86E004B7C19 /* TCRegisterViewController.m */ = {isa = PBXFileReference; fileEncoding = 4; lastKnownFileType = sourcecode.c.objc; path = TCRegisterViewController.m; sourceTree = "<group>"; };
		BCA3E092216BA86E004B7C19 /* TCRegisterViewController.h */ = {isa = PBXFileReference; fileEncoding = 4; lastKnownFileType = sourcecode.c.h; path = TCRegisterViewController.h; sourceTree = "<group>"; };
		BCA3E093216BA86E004B7C19 /* TCRegisterViewController.xib */ = {isa = PBXFileReference; fileEncoding = 4; lastKnownFileType = file.xib; path = TCRegisterViewController.xib; sourceTree = "<group>"; };
		BCA3E096216BA86F004B7C19 /* TCLoginViewController.xib */ = {isa = PBXFileReference; fileEncoding = 4; lastKnownFileType = file.xib; path = TCLoginViewController.xib; sourceTree = "<group>"; };
		BCA3E097216BA86F004B7C19 /* TCLoginViewController.m */ = {isa = PBXFileReference; fileEncoding = 4; lastKnownFileType = sourcecode.c.objc; path = TCLoginViewController.m; sourceTree = "<group>"; };
		BCA3E098216BA86F004B7C19 /* TCLoginViewController.h */ = {isa = PBXFileReference; fileEncoding = 4; lastKnownFileType = sourcecode.c.h; path = TCLoginViewController.h; sourceTree = "<group>"; };
		BCA3E09A216BA86F004B7C19 /* TCUserManger.m */ = {isa = PBXFileReference; fileEncoding = 4; lastKnownFileType = sourcecode.c.objc; path = TCUserManger.m; sourceTree = "<group>"; };
		BCA3E09B216BA86F004B7C19 /* TCUserInfoModel.m */ = {isa = PBXFileReference; fileEncoding = 4; lastKnownFileType = sourcecode.c.objc; path = TCUserInfoModel.m; sourceTree = "<group>"; };
		BCA3E09C216BA86F004B7C19 /* TCUserManger.h */ = {isa = PBXFileReference; fileEncoding = 4; lastKnownFileType = sourcecode.c.h; path = TCUserManger.h; sourceTree = "<group>"; };
		BCA3E09D216BA86F004B7C19 /* TCUserInfoModel.h */ = {isa = PBXFileReference; fileEncoding = 4; lastKnownFileType = sourcecode.c.h; path = TCUserInfoModel.h; sourceTree = "<group>"; };
		BCA3E0A6216BA8C1004B7C19 /* TCChangePwdViewController.xib */ = {isa = PBXFileReference; fileEncoding = 4; lastKnownFileType = file.xib; path = TCChangePwdViewController.xib; sourceTree = "<group>"; };
		BCA3E0A7216BA8C1004B7C19 /* TCChangePwdViewController.h */ = {isa = PBXFileReference; fileEncoding = 4; lastKnownFileType = sourcecode.c.h; path = TCChangePwdViewController.h; sourceTree = "<group>"; };
		BCA3E0A8216BA8C1004B7C19 /* TCChangePwdViewController.m */ = {isa = PBXFileReference; fileEncoding = 4; lastKnownFileType = sourcecode.c.objc; path = TCChangePwdViewController.m; sourceTree = "<group>"; };
		BCA3E0AB216BA8EA004B7C19 /* UIImage+Scale.m */ = {isa = PBXFileReference; fileEncoding = 4; lastKnownFileType = sourcecode.c.objc; path = "UIImage+Scale.m"; sourceTree = "<group>"; };
		BCA3E0AC216BA8EA004B7C19 /* UIImage+Scale.h */ = {isa = PBXFileReference; fileEncoding = 4; lastKnownFileType = sourcecode.c.h; path = "UIImage+Scale.h"; sourceTree = "<group>"; };
		BCEF7D1721718FF200074688 /* TSHRegisterViewController.h */ = {isa = PBXFileReference; lastKnownFileType = sourcecode.c.h; path = TSHRegisterViewController.h; sourceTree = "<group>"; };
		BCEF7D1821718FF200074688 /* TSHRegisterViewController.m */ = {isa = PBXFileReference; lastKnownFileType = sourcecode.c.objc; path = TSHRegisterViewController.m; sourceTree = "<group>"; };
		BCEF7D1A2171901200074688 /* TSHUnlockViewController.h */ = {isa = PBXFileReference; lastKnownFileType = sourcecode.c.h; path = TSHUnlockViewController.h; sourceTree = "<group>"; };
		BCEF7D1B2171901200074688 /* TSHUnlockViewController.m */ = {isa = PBXFileReference; lastKnownFileType = sourcecode.c.objc; path = TSHUnlockViewController.m; sourceTree = "<group>"; };
		BCEF7D20217196CC00074688 /* TSHRegisterCell.h */ = {isa = PBXFileReference; lastKnownFileType = sourcecode.c.h; path = TSHRegisterCell.h; sourceTree = "<group>"; };
		BCEF7D21217196CC00074688 /* TSHRegisterCell.m */ = {isa = PBXFileReference; lastKnownFileType = sourcecode.c.objc; path = TSHRegisterCell.m; sourceTree = "<group>"; };
		BCEF7D22217196CC00074688 /* TSHRegisterCell.xib */ = {isa = PBXFileReference; lastKnownFileType = file.xib; path = TSHRegisterCell.xib; sourceTree = "<group>"; };
		BCEF7D2521719DE800074688 /* TSHRegisterOerderListModel.h */ = {isa = PBXFileReference; lastKnownFileType = sourcecode.c.h; path = TSHRegisterOerderListModel.h; sourceTree = "<group>"; };
		BCEF7D2621719DE800074688 /* TSHRegisterOerderListModel.m */ = {isa = PBXFileReference; lastKnownFileType = sourcecode.c.objc; path = TSHRegisterOerderListModel.m; sourceTree = "<group>"; };
		BCEF7D292171A1C600074688 /* TSHRegisterSection.h */ = {isa = PBXFileReference; lastKnownFileType = sourcecode.c.h; path = TSHRegisterSection.h; sourceTree = "<group>"; };
		BCEF7D2A2171A1C600074688 /* TSHRegisterSection.m */ = {isa = PBXFileReference; lastKnownFileType = sourcecode.c.objc; path = TSHRegisterSection.m; sourceTree = "<group>"; };
		BCEF7D302171A8AE00074688 /* TSHUnLockSection.h */ = {isa = PBXFileReference; lastKnownFileType = sourcecode.c.h; path = TSHUnLockSection.h; sourceTree = "<group>"; };
		BCEF7D312171A8AE00074688 /* TSHUnLockSection.m */ = {isa = PBXFileReference; lastKnownFileType = sourcecode.c.objc; path = TSHUnLockSection.m; sourceTree = "<group>"; };
		BCEF7D332171A92500074688 /* TSHUnlockCell.h */ = {isa = PBXFileReference; lastKnownFileType = sourcecode.c.h; path = TSHUnlockCell.h; sourceTree = "<group>"; };
		BCEF7D342171A92500074688 /* TSHUnlockCell.m */ = {isa = PBXFileReference; lastKnownFileType = sourcecode.c.objc; path = TSHUnlockCell.m; sourceTree = "<group>"; };
		BCEF7D352171A92500074688 /* TSHUnlockCell.xib */ = {isa = PBXFileReference; lastKnownFileType = file.xib; path = TSHUnlockCell.xib; sourceTree = "<group>"; };
		BCEF7D382171AE5F00074688 /* TSHUnlockModel.h */ = {isa = PBXFileReference; lastKnownFileType = sourcecode.c.h; path = TSHUnlockModel.h; sourceTree = "<group>"; };
		BCEF7D392171AE5F00074688 /* TSHUnlockModel.m */ = {isa = PBXFileReference; lastKnownFileType = sourcecode.c.objc; path = TSHUnlockModel.m; sourceTree = "<group>"; };
		BCEF7D3C2171DA1100074688 /* TSORegisterOrderVC.h */ = {isa = PBXFileReference; lastKnownFileType = sourcecode.c.h; path = TSORegisterOrderVC.h; sourceTree = "<group>"; };
		BCEF7D3D2171DA1100074688 /* TSORegisterOrderVC.m */ = {isa = PBXFileReference; lastKnownFileType = sourcecode.c.objc; path = TSORegisterOrderVC.m; sourceTree = "<group>"; };
		BCEF7D402171DA4200074688 /* TSOUnlockOrderVC.h */ = {isa = PBXFileReference; lastKnownFileType = sourcecode.c.h; path = TSOUnlockOrderVC.h; sourceTree = "<group>"; };
		BCEF7D412171DA4200074688 /* TSOUnlockOrderVC.m */ = {isa = PBXFileReference; lastKnownFileType = sourcecode.c.objc; path = TSOUnlockOrderVC.m; sourceTree = "<group>"; };
		BCEF7D482171DC0A00074688 /* TSORegisterOrderModel.h */ = {isa = PBXFileReference; lastKnownFileType = sourcecode.c.h; path = TSORegisterOrderModel.h; sourceTree = "<group>"; };
		BCEF7D492171DC0A00074688 /* TSORegisterOrderModel.m */ = {isa = PBXFileReference; lastKnownFileType = sourcecode.c.objc; path = TSORegisterOrderModel.m; sourceTree = "<group>"; };
		BCEF7D4B2171DCEB00074688 /* TSRegisterOrderSection.h */ = {isa = PBXFileReference; lastKnownFileType = sourcecode.c.h; path = TSRegisterOrderSection.h; sourceTree = "<group>"; };
		BCEF7D4C2171DCEB00074688 /* TSRegisterOrderSection.m */ = {isa = PBXFileReference; lastKnownFileType = sourcecode.c.objc; path = TSRegisterOrderSection.m; sourceTree = "<group>"; };
		BCEF7D4E2171DD0900074688 /* TSRegisterOrderCell.h */ = {isa = PBXFileReference; lastKnownFileType = sourcecode.c.h; path = TSRegisterOrderCell.h; sourceTree = "<group>"; };
		BCEF7D4F2171DD0900074688 /* TSRegisterOrderCell.m */ = {isa = PBXFileReference; lastKnownFileType = sourcecode.c.objc; path = TSRegisterOrderCell.m; sourceTree = "<group>"; };
		BCEF7D502171DD0900074688 /* TSRegisterOrderCell.xib */ = {isa = PBXFileReference; lastKnownFileType = file.xib; path = TSRegisterOrderCell.xib; sourceTree = "<group>"; };
		BCEF7D552171E55E00074688 /* TSORegisterOrderDetailVC.h */ = {isa = PBXFileReference; lastKnownFileType = sourcecode.c.h; path = TSORegisterOrderDetailVC.h; sourceTree = "<group>"; };
		BCEF7D562171E55E00074688 /* TSORegisterOrderDetailVC.m */ = {isa = PBXFileReference; lastKnownFileType = sourcecode.c.objc; path = TSORegisterOrderDetailVC.m; sourceTree = "<group>"; };
		BCEF7D572171E55E00074688 /* TSORegisterOrderDetailVC.xib */ = {isa = PBXFileReference; lastKnownFileType = file.xib; path = TSORegisterOrderDetailVC.xib; sourceTree = "<group>"; };
/* End PBXFileReference section */

/* Begin PBXFrameworksBuildPhase section */
		4DAEDFF821256552009FFB4B /* Frameworks */ = {
			isa = PBXFrameworksBuildPhase;
			buildActionMask = 2147483647;
			files = (
				4102BF0CCB3A6AB89953353E /* Pods_TServer.framework in Frameworks */,
			);
			runOnlyForDeploymentPostprocessing = 0;
		};
/* End PBXFrameworksBuildPhase section */

/* Begin PBXGroup section */
		30BE18562CC60D9D52D5E81E /* Frameworks */ = {
			isa = PBXGroup;
			children = (
				08FECB7C17B011600E97E1B1 /* Pods_TServer.framework */,
			);
			name = Frameworks;
			sourceTree = "<group>";
		};
		4D0FEE64212BB03D0021E9E8 /* UserChange */ = {
			isa = PBXGroup;
			children = (
				4D0FEE65212BB03E0021E9E8 /* VC */,
			);
			path = UserChange;
			sourceTree = "<group>";
		};
		4D0FEE65212BB03E0021E9E8 /* VC */ = {
			isa = PBXGroup;
			children = (
				4D0FEE66212BB03E0021E9E8 /* TCUserChangeViewController.m */,
				4D0FEE67212BB03E0021E9E8 /* TCUserChangeViewController.h */,
			);
			path = VC;
			sourceTree = "<group>";
		};
		4D0FEE68212BB03E0021E9E8 /* AppDownload */ = {
			isa = PBXGroup;
			children = (
				4D0FEE69212BB03E0021E9E8 /* VC */,
			);
			path = AppDownload;
			sourceTree = "<group>";
		};
		4D0FEE69212BB03E0021E9E8 /* VC */ = {
			isa = PBXGroup;
			children = (
				4D0FEE6A212BB03E0021E9E8 /* TCAppDownloadViewController.h */,
				4D0FEE6B212BB03E0021E9E8 /* TCAppDownloadViewController.m */,
			);
			path = VC;
			sourceTree = "<group>";
		};
		4D0FEE6C212BB03E0021E9E8 /* MineHomeCenter */ = {
			isa = PBXGroup;
			children = (
				4D0FEE6D212BB03E0021E9E8 /* VC */,
				4D0FEE70212BB03E0021E9E8 /* Model */,
				4D0FEE73212BB03E0021E9E8 /* View */,
				4D0FEE7F212BB03E0021E9E8 /* Tool */,
			);
			path = MineHomeCenter;
			sourceTree = "<group>";
		};
		4D0FEE6D212BB03E0021E9E8 /* VC */ = {
			isa = PBXGroup;
			children = (
				4DB7E5C221269914009FDA22 /* TSMineViewController.h */,
				4DB7E5C321269914009FDA22 /* TSMineViewController.m */,
			);
			path = VC;
			sourceTree = "<group>";
		};
		4D0FEE70212BB03E0021E9E8 /* Model */ = {
			isa = PBXGroup;
			children = (
				4D0FEE71212BB03E0021E9E8 /* TCMHCellConfigModel.h */,
				4D0FEE72212BB03E0021E9E8 /* TCMHCellConfigModel.m */,
			);
			path = Model;
			sourceTree = "<group>";
		};
		4D0FEE73212BB03E0021E9E8 /* View */ = {
			isa = PBXGroup;
			children = (
				4D0FEE75212BB03E0021E9E8 /* TNUHeadBgView.h */,
				4D0FEE7C212BB03E0021E9E8 /* TNUHeadBgView.m */,
				4D0FEE76212BB03E0021E9E8 /* TCMHInfoTableViewCell.h */,
				4D0FEE7B212BB03E0021E9E8 /* TCMHInfoTableViewCell.m */,
				4D0FEE78212BB03E0021E9E8 /* TCMHInfoTableViewCell.xib */,
				4D0FEE79212BB03E0021E9E8 /* TCMHHeaderCell.h */,
				4D0FEE7D212BB03E0021E9E8 /* TCMHHeaderCell.m */,
				4D0FEE74212BB03E0021E9E8 /* TCMHHeaderCell.xib */,
				4D0FEE77212BB03E0021E9E8 /* TCMHTableFootView.h */,
				4D0FEE7E212BB03E0021E9E8 /* TCMHTableFootView.m */,
				4D0FEE7A212BB03E0021E9E8 /* TCMHTableFootView.xib */,
			);
			path = View;
			sourceTree = "<group>";
		};
		4D0FEE7F212BB03E0021E9E8 /* Tool */ = {
			isa = PBXGroup;
			children = (
				4D0FEE80212BB03E0021E9E8 /* TCMineHeaderSection.m */,
				4D0FEE81212BB03E0021E9E8 /* TCMHInfoSection.m */,
				4D0FEE82212BB03E0021E9E8 /* TCMineHeaderSection.h */,
				4D0FEE83212BB03E0021E9E8 /* TCMHInfoSection.h */,
			);
			path = Tool;
			sourceTree = "<group>";
		};
		4D0FEE84212BB03E0021E9E8 /* MyFriend */ = {
			isa = PBXGroup;
			children = (
				4D0FEE85212BB03E0021E9E8 /* VC */,
			);
			path = MyFriend;
			sourceTree = "<group>";
		};
		4D0FEE85212BB03E0021E9E8 /* VC */ = {
			isa = PBXGroup;
			children = (
				4D0FEE86212BB03E0021E9E8 /* TCMyFriendViewController.m */,
				4D0FEE87212BB03E0021E9E8 /* TCMyFriendViewController.h */,
			);
			path = VC;
			sourceTree = "<group>";
		};
		4D0FEE8C212BB03E0021E9E8 /* AcountSet */ = {
			isa = PBXGroup;
			children = (
				4D0FEE8D212BB03E0021E9E8 /* VC */,
			);
			path = AcountSet;
			sourceTree = "<group>";
		};
		4D0FEE8D212BB03E0021E9E8 /* VC */ = {
			isa = PBXGroup;
			children = (
				4D0FEE8E212BB03E0021E9E8 /* TCAcountSetViewController.m */,
				4D0FEE8F212BB03E0021E9E8 /* TCAcountSetViewController.h */,
			);
			path = VC;
			sourceTree = "<group>";
		};
		4D0FEE90212BB03E0021E9E8 /* ConnectService */ = {
			isa = PBXGroup;
			children = (
				4D0FEE91212BB03E0021E9E8 /* VC */,
			);
			path = ConnectService;
			sourceTree = "<group>";
		};
		4D0FEE91212BB03E0021E9E8 /* VC */ = {
			isa = PBXGroup;
			children = (
				4D0FEE92212BB03E0021E9E8 /* TCConnetServiceViewController.h */,
				4D0FEE93212BB03E0021E9E8 /* TCConnetServiceViewController.m */,
			);
			path = VC;
			sourceTree = "<group>";
		};
		4D0FEE94212BB03F0021E9E8 /* ChangeAvoid */ = {
			isa = PBXGroup;
			children = (
				4D0FEE95212BB03F0021E9E8 /* VC */,
			);
			path = ChangeAvoid;
			sourceTree = "<group>";
		};
		4D0FEE95212BB03F0021E9E8 /* VC */ = {
			isa = PBXGroup;
			children = (
				4D0FEE96212BB03F0021E9E8 /* TCChangeAvoidViewController.h */,
				4D0FEE97212BB03F0021E9E8 /* TCChangeAvoidViewController.m */,
			);
			path = VC;
			sourceTree = "<group>";
		};
		4D0FEE98212BB03F0021E9E8 /* InventFriend */ = {
			isa = PBXGroup;
			children = (
				4D0FEE99212BB03F0021E9E8 /* Vc */,
			);
			path = InventFriend;
			sourceTree = "<group>";
		};
		4D0FEE99212BB03F0021E9E8 /* Vc */ = {
			isa = PBXGroup;
			children = (
				4D0FEE9A212BB03F0021E9E8 /* TCInventFriendVC.h */,
				4D0FEE9B212BB03F0021E9E8 /* TCInventFriendVC.m */,
			);
			path = Vc;
			sourceTree = "<group>";
		};
		4D0FEE9C212BB03F0021E9E8 /* UserInfo */ = {
			isa = PBXGroup;
			children = (
				4D0FEE9D212BB03F0021E9E8 /* VC */,
			);
			path = UserInfo;
			sourceTree = "<group>";
		};
		4D0FEE9D212BB03F0021E9E8 /* VC */ = {
			isa = PBXGroup;
			children = (
				4D366A2E217091FD004B5E1D /* TCUserInfoViewController.h */,
				4D366A2C217091FC004B5E1D /* TCUserInfoViewController.m */,
				4D366A2D217091FC004B5E1D /* TCUserInfoViewController.xib */,
			);
			path = VC;
			sourceTree = "<group>";
		};
		4D0FEEB4212BB0A80021E9E8 /* TableViewTool */ = {
			isa = PBXGroup;
			children = (
				4D0FEEB5212BB0A80021E9E8 /* TOTableViewTool.h */,
				4D0FEEB7212BB0A80021E9E8 /* TOTableViewTool.m */,
				4D0FEEB8212BB0A80021E9E8 /* TOBaseSection.h */,
				4D0FEEB6212BB0A80021E9E8 /* TOBaseSection.m */,
			);
			path = TableViewTool;
			sourceTree = "<group>";
		};
		4DAEDFF221256552009FFB4B = {
			isa = PBXGroup;
			children = (
				4DAEDFFD21256552009FFB4B /* TServer */,
				4DAEDFFC21256552009FFB4B /* Products */,
				502D28FF0B4D634464FE426D /* Pods */,
				30BE18562CC60D9D52D5E81E /* Frameworks */,
			);
			sourceTree = "<group>";
		};
		4DAEDFFC21256552009FFB4B /* Products */ = {
			isa = PBXGroup;
			children = (
				4DAEDFFB21256552009FFB4B /* TServer.app */,
			);
			name = Products;
			sourceTree = "<group>";
		};
		4DAEDFFD21256552009FFB4B /* TServer */ = {
			isa = PBXGroup;
			children = (
				4DB7E54421265920009FDA22 /* Commm */,
				4DAEDFFE21256552009FFB4B /* AppDelegate.h */,
				4DAEDFFF21256552009FFB4B /* AppDelegate.m */,
				4DB7E5C1212698E1009FDA22 /* Mine */,
				4DB7E5C0212698BE009FDA22 /* Earnings */,
				4DB7E5BF212698B5009FDA22 /* Order */,
				4DB7E5BE212698AF009FDA22 /* Home */,
				4DB7E4F821265726009FDA22 /* TKits */,
				4DAEE00721256553009FFB4B /* Assets.xcassets */,
				4DAEE00C21256553009FFB4B /* Info.plist */,
				4DAEE00D21256553009FFB4B /* main.m */,
				4DB7E546212659E2009FDA22 /* TServer.pch */,
				4DB7E6182126B489009FDA22 /* LaunchScreen.xib */,
			);
			path = TServer;
			sourceTree = "<group>";
		};
		4DB7E4F821265726009FDA22 /* TKits */ = {
			isa = PBXGroup;
			children = (
				BCA3E043216BA636004B7C19 /* MMPopupView-private */,
				4DB7E55721265DF5009FDA22 /* Tool */,
				4DB7E54721265BF4009FDA22 /* Category */,
				4DB7E5182126586E009FDA22 /* WM */,
				4DB7E4F92126573E009FDA22 /* MBProgressHUD-private */,
			);
			path = TKits;
			sourceTree = "<group>";
		};
		4DB7E4F92126573E009FDA22 /* MBProgressHUD-private */ = {
			isa = PBXGroup;
			children = (
				4DB7E4FC2126573E009FDA22 /* MBProgressHUD.h */,
				4DB7E4FA2126573E009FDA22 /* MBProgressHUD.m */,
				4DB7E4FB2126573E009FDA22 /* MBProgressHUD+MJ.h */,
				4DB7E4FD2126573E009FDA22 /* MBProgressHUD+MJ.m */,
				4DB7E4FE2126573E009FDA22 /* MBProgressHUD.bundle */,
			);
			path = "MBProgressHUD-private";
			sourceTree = "<group>";
		};
		4DB7E5182126586E009FDA22 /* WM */ = {
			isa = PBXGroup;
			children = (
				4DB7E51A21265880009FDA22 /* WMPageController.h */,
				4DB7E51B21265880009FDA22 /* WMPageController.m */,
				4DB7E51921265880009FDA22 /* WMPageConst.h */,
				4DB7E51D21265884009FDA22 /* WMMenuView */,
			);
			path = WM;
			sourceTree = "<group>";
		};
		4DB7E51D21265884009FDA22 /* WMMenuView */ = {
			isa = PBXGroup;
			children = (
				4DB7E5222126589F009FDA22 /* WMMenuItem.h */,
				4DB7E5252126589F009FDA22 /* WMMenuItem.m */,
				4DB7E5212126589E009FDA22 /* WMMenuView.h */,
				4DB7E5202126589E009FDA22 /* WMMenuView.m */,
				4DB7E5242126589F009FDA22 /* WMProgressView.h */,
				4DB7E5232126589F009FDA22 /* WMProgressView.m */,
				4DB7E51E2126589E009FDA22 /* WMScrollView.h */,
				4DB7E51F2126589E009FDA22 /* WMScrollView.m */,
			);
			path = WMMenuView;
			sourceTree = "<group>";
		};
		4DB7E54421265920009FDA22 /* Commm */ = {
			isa = PBXGroup;
			children = (
				BCA3E05D216BA707004B7C19 /* AreaTool */,
				4DB7E55E21266246009FDA22 /* BaseVc */,
				4DB7E5452126593C009FDA22 /* TBasicDefine.h */,
			);
			path = Commm;
			sourceTree = "<group>";
		};
		4DB7E54721265BF4009FDA22 /* Category */ = {
			isa = PBXGroup;
			children = (
				BCA3E0AC216BA8EA004B7C19 /* UIImage+Scale.h */,
				BCA3E0AB216BA8EA004B7C19 /* UIImage+Scale.m */,
				BCA3E08D216BA840004B7C19 /* NSString+TDigest.h */,
				BCA3E08C216BA840004B7C19 /* NSString+TDigest.m */,
				4DB7E6162126B40B009FDA22 /* UIBarButtonItem+WB.h */,
				4DB7E6152126B40B009FDA22 /* UIBarButtonItem+WB.m */,
				4DB7E55C21266185009FDA22 /* NSString+MD5.h */,
				4DB7E55B21266185009FDA22 /* NSString+MD5.m */,
				4DB7E5BB21269732009FDA22 /* UIImage+TUtil.h */,
				4DB7E5BC21269732009FDA22 /* UIImage+TUtil.m */,
				4DB7E55421265DDC009FDA22 /* UIView+Nib.h */,
				4DB7E55521265DDC009FDA22 /* UIView+Nib.m */,
				4DB7E55221265DB8009FDA22 /* UITableView+TRegisterCell.h */,
				4DB7E55121265DB8009FDA22 /* UITableView+TRegisterCell.m */,
				4DB7E54F21265C8B009FDA22 /* UIView+AddOther.h */,
				4DB7E54E21265C8B009FDA22 /* UIView+AddOther.m */,
				4DB7E54821265C01009FDA22 /* UIColor+Hex.h */,
				4DB7E54921265C01009FDA22 /* UIColor+Hex.m */,
				4DB7E54B21265C65009FDA22 /* NSObject+EFoundation.h */,
				4DB7E54C21265C65009FDA22 /* NSObject+EFoundation.m */,
			);
			path = Category;
			sourceTree = "<group>";
		};
		4DB7E55721265DF5009FDA22 /* Tool */ = {
			isa = PBXGroup;
			children = (
				BCA3E085216BA76C004B7C19 /* RequestTool */,
				BCA3E07B216BA763004B7C19 /* FileCacheTool */,
				BCA3E073216BA758004B7C19 /* LoadingHub */,
				BCA3E06D216BA74F004B7C19 /* FailHub */,
				BCA3E069216BA74B004B7C19 /* UploadImage */,
				4D0FEEB4212BB0A80021E9E8 /* TableViewTool */,
				4DB7E6132126B3F3009FDA22 /* TComputerTextHeightTool.h */,
				4DB7E6122126B3F3009FDA22 /* TComputerTextHeightTool.m */,
				4DB7E55921265E06009FDA22 /* T2TView.h */,
				4DB7E55821265E06009FDA22 /* T2TView.m */,
			);
			path = Tool;
			sourceTree = "<group>";
		};
		4DB7E55E21266246009FDA22 /* BaseVc */ = {
			isa = PBXGroup;
			children = (
				4DB7E55F21266246009FDA22 /* TBaseViewcontroller.h */,
				4DB7E56121266246009FDA22 /* TBaseViewcontroller.m */,
				4DB7E56021266246009FDA22 /* TNavViewController.h */,
				4DB7E56221266246009FDA22 /* TNavViewController.m */,
				4DB7E5B8212675E3009FDA22 /* TTabBarViewController.h */,
				4DB7E5B9212675E3009FDA22 /* TTabBarViewController.m */,
			);
			path = BaseVc;
			sourceTree = "<group>";
		};
		4DB7E5BE212698AF009FDA22 /* Home */ = {
			isa = PBXGroup;
			children = (
				BCEF7D1621718EDE00074688 /* Unlock */,
				BCEF7D1521718EC200074688 /* Register */,
				4DB7E5CC2126995D009FDA22 /* TSHomeViewController.h */,
				4DB7E5CD2126995D009FDA22 /* TSHomeViewController.m */,
			);
			path = Home;
			sourceTree = "<group>";
		};
		4DB7E5BF212698B5009FDA22 /* Order */ = {
			isa = PBXGroup;
			children = (
				BCEF7D3F2171DA1500074688 /* UnlockOrder */,
				BCEF7D3B2171D9D300074688 /* RegisterOrder */,
				4DB7E5C821269946009FDA22 /* TSOrderViewController.h */,
				4DB7E5C921269946009FDA22 /* TSOrderViewController.m */,
			);
			path = Order;
			sourceTree = "<group>";
		};
		4DB7E5C0212698BE009FDA22 /* Earnings */ = {
			isa = PBXGroup;
			children = (
				4DB7E5C52126993A009FDA22 /* TSEarningViewController.h */,
				4DB7E5C62126993A009FDA22 /* TSEarningViewController.m */,
			);
			path = Earnings;
			sourceTree = "<group>";
		};
		4DB7E5C1212698E1009FDA22 /* Mine */ = {
			isa = PBXGroup;
			children = (
				BCA3E0A4216BA8C1004B7C19 /* ChangePwd */,
				BCA3E094216BA86F004B7C19 /* Login */,
				BCA3E08F216BA86E004B7C19 /* Register */,
				4D0FEE8C212BB03E0021E9E8 /* AcountSet */,
				4D0FEE68212BB03E0021E9E8 /* AppDownload */,
				4D0FEE94212BB03F0021E9E8 /* ChangeAvoid */,
				4D0FEE90212BB03E0021E9E8 /* ConnectService */,
				4D0FEE98212BB03F0021E9E8 /* InventFriend */,
				4D0FEE6C212BB03E0021E9E8 /* MineHomeCenter */,
				4D0FEE84212BB03E0021E9E8 /* MyFriend */,
				4D0FEE64212BB03D0021E9E8 /* UserChange */,
				4D0FEE9C212BB03F0021E9E8 /* UserInfo */,
			);
			path = Mine;
			sourceTree = "<group>";
		};
		502D28FF0B4D634464FE426D /* Pods */ = {
			isa = PBXGroup;
			children = (
				6360EBF9EB7840515C4895A1 /* Pods-TServer.debug.xcconfig */,
				3CA8ED95E0C50A87F1A106B7 /* Pods-TServer.release.xcconfig */,
			);
			name = Pods;
			sourceTree = "<group>";
		};
		BCA3E043216BA636004B7C19 /* MMPopupView-private */ = {
			isa = PBXGroup;
			children = (
				BCA3E044216BA636004B7C19 /* TAlertController.m */,
				BCA3E045216BA636004B7C19 /* MMAlertView.m */,
				BCA3E046216BA636004B7C19 /* MMSheetView.m */,
				BCA3E047216BA636004B7C19 /* MMPopupView.h */,
				BCA3E048216BA636004B7C19 /* MMPopupCategory.m */,
				BCA3E049216BA636004B7C19 /* MMPopupItem.h */,
				BCA3E04A216BA636004B7C19 /* TPopViewController.h */,
				BCA3E04B216BA636004B7C19 /* MMPopupWindow.m */,
				BCA3E04C216BA636004B7C19 /* TAlertController.h */,
				BCA3E04D216BA636004B7C19 /* MMSheetView.h */,
				BCA3E04E216BA636004B7C19 /* MMPopupDefine.h */,
				BCA3E04F216BA636004B7C19 /* MMAlertView.h */,
				BCA3E050216BA636004B7C19 /* MMPopupView.m */,
				BCA3E051216BA636004B7C19 /* MMPopupWindow.h */,
				BCA3E052216BA636004B7C19 /* TPopViewController.m */,
				BCA3E053216BA636004B7C19 /* MMPopupCategory.h */,
				BCA3E054216BA636004B7C19 /* MMPopupItem.m */,
			);
			path = "MMPopupView-private";
			sourceTree = "<group>";
		};
		BCA3E05D216BA707004B7C19 /* AreaTool */ = {
			isa = PBXGroup;
			children = (
				BCA3E063216BA707004B7C19 /* TCSelectAreaView.h */,
				BCA3E060216BA707004B7C19 /* TCSelectAreaView.m */,
				BCA3E05E216BA707004B7C19 /* TCSelectAreaView.xib */,
				BCA3E064216BA707004B7C19 /* TAreaModel.h */,
				BCA3E061216BA707004B7C19 /* TAreaModel.m */,
				BCA3E062216BA707004B7C19 /* TAreaTool.h */,
				BCA3E05F216BA707004B7C19 /* TAreaTool.m */,
			);
			name = AreaTool;
			path = ../../../TClient/TClient/Comm/AreaTool;
			sourceTree = "<group>";
		};
		BCA3E069216BA74B004B7C19 /* UploadImage */ = {
			isa = PBXGroup;
			children = (
				BCA3E06A216BA74B004B7C19 /* TUploadTool.h */,
				BCA3E06B216BA74B004B7C19 /* TUploadTool.m */,
			);
			path = UploadImage;
			sourceTree = "<group>";
		};
		BCA3E06D216BA74F004B7C19 /* FailHub */ = {
			isa = PBXGroup;
			children = (
				BCA3E06E216BA74F004B7C19 /* TFailhub.h */,
				BCA3E06F216BA74F004B7C19 /* TFailhub.xib */,
				BCA3E070216BA74F004B7C19 /* TFailhub.m */,
			);
			path = FailHub;
			sourceTree = "<group>";
		};
		BCA3E073216BA758004B7C19 /* LoadingHub */ = {
			isa = PBXGroup;
			children = (
				BCA3E074216BA758004B7C19 /* TLodingHub.m */,
				BCA3E075216BA758004B7C19 /* TLodingHub.xib */,
				BCA3E076216BA758004B7C19 /* TLodingHub.h */,
				BCA3E077216BA758004B7C19 /* loding.gif */,
			);
			path = LoadingHub;
			sourceTree = "<group>";
		};
		BCA3E07B216BA763004B7C19 /* FileCacheTool */ = {
			isa = PBXGroup;
			children = (
				BCA3E07C216BA763004B7C19 /* ESystemTool.m */,
				BCA3E07D216BA763004B7C19 /* EGetCacheSize.h */,
				BCA3E07E216BA764004B7C19 /* ESandBoxTool.m */,
				BCA3E07F216BA764004B7C19 /* EGetCacheSize.m */,
				BCA3E080216BA764004B7C19 /* ESystemTool.h */,
				BCA3E081216BA764004B7C19 /* ESandBoxTool.h */,
			);
			path = FileCacheTool;
			sourceTree = "<group>";
		};
		BCA3E085216BA76C004B7C19 /* RequestTool */ = {
			isa = PBXGroup;
			children = (
				BCA3E086216BA76C004B7C19 /* TResponse.m */,
				BCA3E087216BA76C004B7C19 /* THTTPRequestTool.h */,
				BCA3E088216BA76C004B7C19 /* THTTPRequestTool.m */,
				BCA3E089216BA76C004B7C19 /* TResponse.h */,
			);
			path = RequestTool;
			sourceTree = "<group>";
		};
		BCA3E08F216BA86E004B7C19 /* Register */ = {
			isa = PBXGroup;
			children = (
				BCA3E090216BA86E004B7C19 /* VC */,
			);
			path = Register;
			sourceTree = "<group>";
		};
		BCA3E090216BA86E004B7C19 /* VC */ = {
			isa = PBXGroup;
			children = (
				BCA3E091216BA86E004B7C19 /* TCRegisterViewController.m */,
				BCA3E092216BA86E004B7C19 /* TCRegisterViewController.h */,
				BCA3E093216BA86E004B7C19 /* TCRegisterViewController.xib */,
			);
			path = VC;
			sourceTree = "<group>";
		};
		BCA3E094216BA86F004B7C19 /* Login */ = {
			isa = PBXGroup;
			children = (
				BCA3E095216BA86F004B7C19 /* VC */,
				BCA3E099216BA86F004B7C19 /* Model */,
			);
			path = Login;
			sourceTree = "<group>";
		};
		BCA3E095216BA86F004B7C19 /* VC */ = {
			isa = PBXGroup;
			children = (
				BCA3E096216BA86F004B7C19 /* TCLoginViewController.xib */,
				BCA3E097216BA86F004B7C19 /* TCLoginViewController.m */,
				BCA3E098216BA86F004B7C19 /* TCLoginViewController.h */,
			);
			path = VC;
			sourceTree = "<group>";
		};
		BCA3E099216BA86F004B7C19 /* Model */ = {
			isa = PBXGroup;
			children = (
				BCA3E09C216BA86F004B7C19 /* TCUserManger.h */,
				BCA3E09A216BA86F004B7C19 /* TCUserManger.m */,
				BCA3E09D216BA86F004B7C19 /* TCUserInfoModel.h */,
				BCA3E09B216BA86F004B7C19 /* TCUserInfoModel.m */,
			);
			path = Model;
			sourceTree = "<group>";
		};
		BCA3E0A4216BA8C1004B7C19 /* ChangePwd */ = {
			isa = PBXGroup;
			children = (
				BCA3E0A5216BA8C1004B7C19 /* VC */,
			);
			name = ChangePwd;
			path = ../../../TClient/TClient/Mine/ChangePwd;
			sourceTree = "<group>";
		};
		BCA3E0A5216BA8C1004B7C19 /* VC */ = {
			isa = PBXGroup;
			children = (
				BCA3E0A6216BA8C1004B7C19 /* TCChangePwdViewController.xib */,
				BCA3E0A7216BA8C1004B7C19 /* TCChangePwdViewController.h */,
				BCA3E0A8216BA8C1004B7C19 /* TCChangePwdViewController.m */,
			);
			path = VC;
			sourceTree = "<group>";
		};
		BCEF7D1521718EC200074688 /* Register */ = {
			isa = PBXGroup;
			children = (
				BCEF7D282171A1AA00074688 /* Tool */,
				BCEF7D1F2171967000074688 /* Model */,
				BCEF7D1E2171966300074688 /* View */,
				BCEF7D1D2171965800074688 /* VC */,
			);
			path = Register;
			sourceTree = "<group>";
		};
		BCEF7D1621718EDE00074688 /* Unlock */ = {
			isa = PBXGroup;
			children = (
				BCEF7D2F2171A85600074688 /* Tool */,
				BCEF7D2E2171A85000074688 /* Model */,
				BCEF7D2D2171A84B00074688 /* View */,
				BCEF7D2C2171A84200074688 /* VC */,
			);
			path = Unlock;
			sourceTree = "<group>";
		};
		BCEF7D1D2171965800074688 /* VC */ = {
			isa = PBXGroup;
			children = (
				BCEF7D1721718FF200074688 /* TSHRegisterViewController.h */,
				BCEF7D1821718FF200074688 /* TSHRegisterViewController.m */,
			);
			path = VC;
			sourceTree = "<group>";
		};
		BCEF7D1E2171966300074688 /* View */ = {
			isa = PBXGroup;
			children = (
				BCEF7D20217196CC00074688 /* TSHRegisterCell.h */,
				BCEF7D21217196CC00074688 /* TSHRegisterCell.m */,
				BCEF7D22217196CC00074688 /* TSHRegisterCell.xib */,
			);
			path = View;
			sourceTree = "<group>";
		};
		BCEF7D1F2171967000074688 /* Model */ = {
			isa = PBXGroup;
			children = (
				BCEF7D2521719DE800074688 /* TSHRegisterOerderListModel.h */,
				BCEF7D2621719DE800074688 /* TSHRegisterOerderListModel.m */,
			);
			path = Model;
			sourceTree = "<group>";
		};
		BCEF7D282171A1AA00074688 /* Tool */ = {
			isa = PBXGroup;
			children = (
				BCEF7D292171A1C600074688 /* TSHRegisterSection.h */,
				BCEF7D2A2171A1C600074688 /* TSHRegisterSection.m */,
			);
			path = Tool;
			sourceTree = "<group>";
		};
		BCEF7D2C2171A84200074688 /* VC */ = {
			isa = PBXGroup;
			children = (
				BCEF7D1A2171901200074688 /* TSHUnlockViewController.h */,
				BCEF7D1B2171901200074688 /* TSHUnlockViewController.m */,
			);
			path = VC;
			sourceTree = "<group>";
		};
		BCEF7D2D2171A84B00074688 /* View */ = {
			isa = PBXGroup;
			children = (
				BCEF7D332171A92500074688 /* TSHUnlockCell.h */,
				BCEF7D342171A92500074688 /* TSHUnlockCell.m */,
				BCEF7D352171A92500074688 /* TSHUnlockCell.xib */,
			);
			path = View;
			sourceTree = "<group>";
		};
		BCEF7D2E2171A85000074688 /* Model */ = {
			isa = PBXGroup;
			children = (
				BCEF7D382171AE5F00074688 /* TSHUnlockModel.h */,
				BCEF7D392171AE5F00074688 /* TSHUnlockModel.m */,
			);
			path = Model;
			sourceTree = "<group>";
		};
		BCEF7D2F2171A85600074688 /* Tool */ = {
			isa = PBXGroup;
			children = (
				BCEF7D302171A8AE00074688 /* TSHUnLockSection.h */,
				BCEF7D312171A8AE00074688 /* TSHUnLockSection.m */,
			);
			path = Tool;
			sourceTree = "<group>";
		};
		BCEF7D3B2171D9D300074688 /* RegisterOrder */ = {
			isa = PBXGroup;
			children = (
				BCEF7D542171E50300074688 /* Detail */,
				BCEF7D532171E4EF00074688 /* List */,
			);
			path = RegisterOrder;
			sourceTree = "<group>";
		};
		BCEF7D3F2171DA1500074688 /* UnlockOrder */ = {
			isa = PBXGroup;
			children = (
				BCEF7D432171DBB600074688 /* VC */,
			);
			path = UnlockOrder;
			sourceTree = "<group>";
		};
		BCEF7D432171DBB600074688 /* VC */ = {
			isa = PBXGroup;
			children = (
				BCEF7D402171DA4200074688 /* TSOUnlockOrderVC.h */,
				BCEF7D412171DA4200074688 /* TSOUnlockOrderVC.m */,
			);
			path = VC;
			sourceTree = "<group>";
		};
		BCEF7D442171DBC200074688 /* VC */ = {
			isa = PBXGroup;
			children = (
				BCEF7D3C2171DA1100074688 /* TSORegisterOrderVC.h */,
				BCEF7D3D2171DA1100074688 /* TSORegisterOrderVC.m */,
			);
			path = VC;
			sourceTree = "<group>";
		};
		BCEF7D452171DBD100074688 /* Model */ = {
			isa = PBXGroup;
			children = (
				BCEF7D482171DC0A00074688 /* TSORegisterOrderModel.h */,
				BCEF7D492171DC0A00074688 /* TSORegisterOrderModel.m */,
			);
			path = Model;
			sourceTree = "<group>";
		};
		BCEF7D462171DBD700074688 /* View */ = {
			isa = PBXGroup;
			children = (
				BCEF7D4E2171DD0900074688 /* TSRegisterOrderCell.h */,
				BCEF7D4F2171DD0900074688 /* TSRegisterOrderCell.m */,
				BCEF7D502171DD0900074688 /* TSRegisterOrderCell.xib */,
			);
			path = View;
			sourceTree = "<group>";
		};
		BCEF7D472171DBDE00074688 /* Tool */ = {
			isa = PBXGroup;
			children = (
				BCEF7D4B2171DCEB00074688 /* TSRegisterOrderSection.h */,
				BCEF7D4C2171DCEB00074688 /* TSRegisterOrderSection.m */,
			);
			path = Tool;
			sourceTree = "<group>";
		};
		BCEF7D532171E4EF00074688 /* List */ = {
			isa = PBXGroup;
			children = (
				BCEF7D472171DBDE00074688 /* Tool */,
				BCEF7D462171DBD700074688 /* View */,
				BCEF7D452171DBD100074688 /* Model */,
				BCEF7D442171DBC200074688 /* VC */,
			);
			path = List;
			sourceTree = "<group>";
		};
		BCEF7D542171E50300074688 /* Detail */ = {
			isa = PBXGroup;
			children = (
				BCEF7D552171E55E00074688 /* TSORegisterOrderDetailVC.h */,
				BCEF7D562171E55E00074688 /* TSORegisterOrderDetailVC.m */,
				BCEF7D572171E55E00074688 /* TSORegisterOrderDetailVC.xib */,
			);
			path = Detail;
			sourceTree = "<group>";
		};
/* End PBXGroup section */

/* Begin PBXNativeTarget section */
		4DAEDFFA21256552009FFB4B /* TServer */ = {
			isa = PBXNativeTarget;
			buildConfigurationList = 4DAEE01121256553009FFB4B /* Build configuration list for PBXNativeTarget "TServer" */;
			buildPhases = (
				B3261EEADAEE6E8CC2A4D927 /* [CP] Check Pods Manifest.lock */,
				4DAEDFF721256552009FFB4B /* Sources */,
				4DAEDFF821256552009FFB4B /* Frameworks */,
				4DAEDFF921256552009FFB4B /* Resources */,
				79F9490F5DF8EA20CA68623D /* [CP] Embed Pods Frameworks */,
			);
			buildRules = (
			);
			dependencies = (
			);
			name = TServer;
			productName = TServer;
			productReference = 4DAEDFFB21256552009FFB4B /* TServer.app */;
			productType = "com.apple.product-type.application";
		};
/* End PBXNativeTarget section */

/* Begin PBXProject section */
		4DAEDFF321256552009FFB4B /* Project object */ = {
			isa = PBXProject;
			attributes = {
				CLASSPREFIX = TS;
				LastUpgradeCheck = 0940;
				ORGANIZATIONNAME = Mark;
				TargetAttributes = {
					4DAEDFFA21256552009FFB4B = {
						CreatedOnToolsVersion = 9.4.1;
						ProvisioningStyle = Manual;
					};
				};
			};
			buildConfigurationList = 4DAEDFF621256552009FFB4B /* Build configuration list for PBXProject "TServer" */;
			compatibilityVersion = "Xcode 8.0";
			developmentRegion = en;
			hasScannedForEncodings = 0;
			knownRegions = (
				en,
				Base,
			);
			mainGroup = 4DAEDFF221256552009FFB4B;
			productRefGroup = 4DAEDFFC21256552009FFB4B /* Products */;
			projectDirPath = "";
			projectRoot = "";
			targets = (
				4DAEDFFA21256552009FFB4B /* TServer */,
			);
		};
/* End PBXProject section */

/* Begin PBXResourcesBuildPhase section */
		4DAEDFF921256552009FFB4B /* Resources */ = {
			isa = PBXResourcesBuildPhase;
			buildActionMask = 2147483647;
			files = (
				4D0FEEA4212BB03F0021E9E8 /* TCMHHeaderCell.xib in Resources */,
				BCEF7D24217196CC00074688 /* TSHRegisterCell.xib in Resources */,
				BCEF7D522171DD0900074688 /* TSRegisterOrderCell.xib in Resources */,
				BCA3E0A0216BA86F004B7C19 /* TCLoginViewController.xib in Resources */,
				4DB7E5012126573E009FDA22 /* MBProgressHUD.bundle in Resources */,
				4D0FEEA5212BB03F0021E9E8 /* TCMHInfoTableViewCell.xib in Resources */,
				BCA3E07A216BA758004B7C19 /* loding.gif in Resources */,
				BCA3E065216BA707004B7C19 /* TCSelectAreaView.xib in Resources */,
				4D366A30217091FD004B5E1D /* TCUserInfoViewController.xib in Resources */,
				BCA3E071216BA74F004B7C19 /* TFailhub.xib in Resources */,
				BCA3E0A9216BA8C2004B7C19 /* TCChangePwdViewController.xib in Resources */,
				4D0FEEA6212BB03F0021E9E8 /* TCMHTableFootView.xib in Resources */,
				4DB7E6192126B48A009FDA22 /* LaunchScreen.xib in Resources */,
				BCA3E079216BA758004B7C19 /* TLodingHub.xib in Resources */,
				BCEF7D372171A92500074688 /* TSHUnlockCell.xib in Resources */,
				BCA3E09F216BA86F004B7C19 /* TCRegisterViewController.xib in Resources */,
				BCEF7D592171E55E00074688 /* TSORegisterOrderDetailVC.xib in Resources */,
				4DAEE00821256553009FFB4B /* Assets.xcassets in Resources */,
			);
			runOnlyForDeploymentPostprocessing = 0;
		};
/* End PBXResourcesBuildPhase section */

/* Begin PBXShellScriptBuildPhase section */
		79F9490F5DF8EA20CA68623D /* [CP] Embed Pods Frameworks */ = {
			isa = PBXShellScriptBuildPhase;
			buildActionMask = 2147483647;
			files = (
			);
			inputPaths = (
				"${SRCROOT}/Pods/Target Support Files/Pods-TServer/Pods-TServer-frameworks.sh",
				"${BUILT_PRODUCTS_DIR}/AFNetworking/AFNetworking.framework",
				"${BUILT_PRODUCTS_DIR}/FLAnimatedImage/FLAnimatedImage.framework",
				"${BUILT_PRODUCTS_DIR}/IQKeyboardManager/IQKeyboardManager.framework",
				"${BUILT_PRODUCTS_DIR}/MJExtension/MJExtension.framework",
				"${BUILT_PRODUCTS_DIR}/MJRefresh/MJRefresh.framework",
				"${BUILT_PRODUCTS_DIR}/Masonry/Masonry.framework",
				"${BUILT_PRODUCTS_DIR}/SDWebImage/SDWebImage.framework",
				"${BUILT_PRODUCTS_DIR}/TOWebViewController/TOWebViewController.framework",
			);
			name = "[CP] Embed Pods Frameworks";
			outputPaths = (
				"${TARGET_BUILD_DIR}/${FRAMEWORKS_FOLDER_PATH}/AFNetworking.framework",
				"${TARGET_BUILD_DIR}/${FRAMEWORKS_FOLDER_PATH}/FLAnimatedImage.framework",
				"${TARGET_BUILD_DIR}/${FRAMEWORKS_FOLDER_PATH}/IQKeyboardManager.framework",
				"${TARGET_BUILD_DIR}/${FRAMEWORKS_FOLDER_PATH}/MJExtension.framework",
				"${TARGET_BUILD_DIR}/${FRAMEWORKS_FOLDER_PATH}/MJRefresh.framework",
				"${TARGET_BUILD_DIR}/${FRAMEWORKS_FOLDER_PATH}/Masonry.framework",
				"${TARGET_BUILD_DIR}/${FRAMEWORKS_FOLDER_PATH}/SDWebImage.framework",
				"${TARGET_BUILD_DIR}/${FRAMEWORKS_FOLDER_PATH}/TOWebViewController.framework",
			);
			runOnlyForDeploymentPostprocessing = 0;
			shellPath = /bin/sh;
			shellScript = "\"${SRCROOT}/Pods/Target Support Files/Pods-TServer/Pods-TServer-frameworks.sh\"\n";
			showEnvVarsInLog = 0;
		};
		B3261EEADAEE6E8CC2A4D927 /* [CP] Check Pods Manifest.lock */ = {
			isa = PBXShellScriptBuildPhase;
			buildActionMask = 2147483647;
			files = (
			);
			inputPaths = (
				"${PODS_PODFILE_DIR_PATH}/Podfile.lock",
				"${PODS_ROOT}/Manifest.lock",
			);
			name = "[CP] Check Pods Manifest.lock";
			outputPaths = (
				"$(DERIVED_FILE_DIR)/Pods-TServer-checkManifestLockResult.txt",
			);
			runOnlyForDeploymentPostprocessing = 0;
			shellPath = /bin/sh;
			shellScript = "diff \"${PODS_PODFILE_DIR_PATH}/Podfile.lock\" \"${PODS_ROOT}/Manifest.lock\" > /dev/null\nif [ $? != 0 ] ; then\n    # print error to STDERR\n    echo \"error: The sandbox is not in sync with the Podfile.lock. Run 'pod install' or update your CocoaPods installation.\" >&2\n    exit 1\nfi\n# This output is used by Xcode 'outputs' to avoid re-running this script phase.\necho \"SUCCESS\" > \"${SCRIPT_OUTPUT_FILE_0}\"\n";
			showEnvVarsInLog = 0;
		};
/* End PBXShellScriptBuildPhase section */

/* Begin PBXSourcesBuildPhase section */
		4DAEDFF721256552009FFB4B /* Sources */ = {
			isa = PBXSourcesBuildPhase;
			buildActionMask = 2147483647;
			files = (
				BCA3E08B216BA76C004B7C19 /* THTTPRequestTool.m in Sources */,
				4DB7E5262126589F009FDA22 /* WMScrollView.m in Sources */,
				BCA3E068216BA707004B7C19 /* TAreaModel.m in Sources */,
				4DB7E6172126B40B009FDA22 /* UIBarButtonItem+WB.m in Sources */,
				4DB7E54A21265C02009FDA22 /* UIColor+Hex.m in Sources */,
				4DB7E55D21266185009FDA22 /* NSString+MD5.m in Sources */,
				BCA3E0A2216BA86F004B7C19 /* TCUserManger.m in Sources */,
				BCA3E0A3216BA86F004B7C19 /* TCUserInfoModel.m in Sources */,
				BCEF7D23217196CC00074688 /* TSHRegisterCell.m in Sources */,
				4DB7E6142126B3F3009FDA22 /* TComputerTextHeightTool.m in Sources */,
				4D0FEEA0212BB03F0021E9E8 /* TCUserChangeViewController.m in Sources */,
				4D0FEEB0212BB03F0021E9E8 /* TCConnetServiceViewController.m in Sources */,
				BCA3E055216BA636004B7C19 /* TAlertController.m in Sources */,
				BCA3E057216BA636004B7C19 /* MMSheetView.m in Sources */,
				4DB7E54D21265C65009FDA22 /* NSObject+EFoundation.m in Sources */,
				BCA3E059216BA636004B7C19 /* MMPopupWindow.m in Sources */,
				BCEF7D322171A8AE00074688 /* TSHUnLockSection.m in Sources */,
				BCEF7D422171DA4200074688 /* TSOUnlockOrderVC.m in Sources */,
				4DB7E55621265DDC009FDA22 /* UIView+Nib.m in Sources */,
				4D0FEEAD212BB03F0021E9E8 /* TCMyFriendViewController.m in Sources */,
				4D0FEEB1212BB03F0021E9E8 /* TCChangeAvoidViewController.m in Sources */,
				4DB7E55321265DB8009FDA22 /* UITableView+TRegisterCell.m in Sources */,
				4DB7E5292126589F009FDA22 /* WMMenuItem.m in Sources */,
				4D0FEEAC212BB03F0021E9E8 /* TCMHInfoSection.m in Sources */,
				BCA3E066216BA707004B7C19 /* TAreaTool.m in Sources */,
				4D0FEEA7212BB03F0021E9E8 /* TCMHInfoTableViewCell.m in Sources */,
				4D0FEEAB212BB03F0021E9E8 /* TCMineHeaderSection.m in Sources */,
				4DB7E5002126573E009FDA22 /* MBProgressHUD+MJ.m in Sources */,
				4DB7E5BD21269732009FDA22 /* UIImage+TUtil.m in Sources */,
				BCA3E084216BA764004B7C19 /* EGetCacheSize.m in Sources */,
				BCA3E078216BA758004B7C19 /* TLodingHub.m in Sources */,
				4DB7E5CE2126995D009FDA22 /* TSHomeViewController.m in Sources */,
				BCA3E0A1216BA86F004B7C19 /* TCLoginViewController.m in Sources */,
				BCA3E0AA216BA8C2004B7C19 /* TCChangePwdViewController.m in Sources */,
				BCEF7D2B2171A1C600074688 /* TSHRegisterSection.m in Sources */,
				BCA3E072216BA74F004B7C19 /* TFailhub.m in Sources */,
				4DB7E5282126589F009FDA22 /* WMProgressView.m in Sources */,
				4DB7E5272126589F009FDA22 /* WMMenuView.m in Sources */,
				BCEF7D3E2171DA1100074688 /* TSORegisterOrderVC.m in Sources */,
				BCEF7D3A2171AE5F00074688 /* TSHUnlockModel.m in Sources */,
				4D0FEEAA212BB03F0021E9E8 /* TCMHTableFootView.m in Sources */,
				BCA3E067216BA707004B7C19 /* TCSelectAreaView.m in Sources */,
				BCEF7D4A2171DC0A00074688 /* TSORegisterOrderModel.m in Sources */,
				BCA3E08A216BA76C004B7C19 /* TResponse.m in Sources */,
				BCA3E082216BA764004B7C19 /* ESystemTool.m in Sources */,
				BCA3E08E216BA840004B7C19 /* NSString+TDigest.m in Sources */,
				BCEF7D1921718FF200074688 /* TSHRegisterViewController.m in Sources */,
				BCEF7D4D2171DCEB00074688 /* TSRegisterOrderSection.m in Sources */,
				4D0FEEA9212BB03F0021E9E8 /* TCMHHeaderCell.m in Sources */,
				BCEF7D1C2171901200074688 /* TSHUnlockViewController.m in Sources */,
				4D0FEEA8212BB03F0021E9E8 /* TNUHeadBgView.m in Sources */,
				BCA3E05C216BA636004B7C19 /* MMPopupItem.m in Sources */,
				BCA3E05A216BA636004B7C19 /* MMPopupView.m in Sources */,
				4DB7E5BA212675E3009FDA22 /* TTabBarViewController.m in Sources */,
				4DB7E5CA21269946009FDA22 /* TSOrderViewController.m in Sources */,
				4D0FEEB9212BB0A80021E9E8 /* TOBaseSection.m in Sources */,
				BCEF7D512171DD0900074688 /* TSRegisterOrderCell.m in Sources */,
				4DB7E55A21265E06009FDA22 /* T2TView.m in Sources */,
				4DB7E55021265C8B009FDA22 /* UIView+AddOther.m in Sources */,
				BCA3E06C216BA74B004B7C19 /* TUploadTool.m in Sources */,
				BCEF7D2721719DE800074688 /* TSHRegisterOerderListModel.m in Sources */,
				4D366A2F217091FD004B5E1D /* TCUserInfoViewController.m in Sources */,
				4D0FEEA3212BB03F0021E9E8 /* TCMHCellConfigModel.m in Sources */,
				BCA3E056216BA636004B7C19 /* MMAlertView.m in Sources */,
				4DB7E56321266246009FDA22 /* TBaseViewcontroller.m in Sources */,
				4D0FEEA1212BB03F0021E9E8 /* TCAppDownloadViewController.m in Sources */,
				BCA3E05B216BA636004B7C19 /* TPopViewController.m in Sources */,
				BCA3E0AD216BA8EA004B7C19 /* UIImage+Scale.m in Sources */,
				4DB7E56421266246009FDA22 /* TNavViewController.m in Sources */,
				BCEF7D582171E55E00074688 /* TSORegisterOrderDetailVC.m in Sources */,
				4DB7E5C72126993A009FDA22 /* TSEarningViewController.m in Sources */,
				4DAEE00E21256553009FFB4B /* main.m in Sources */,
				BCEF7D362171A92500074688 /* TSHUnlockCell.m in Sources */,
				BCA3E083216BA764004B7C19 /* ESandBoxTool.m in Sources */,
				BCA3E058216BA636004B7C19 /* MMPopupCategory.m in Sources */,
				4D0FEEBA212BB0A80021E9E8 /* TOTableViewTool.m in Sources */,
				4DAEE00021256552009FFB4B /* AppDelegate.m in Sources */,
				4D0FEEB2212BB03F0021E9E8 /* TCInventFriendVC.m in Sources */,
				4DB7E51C21265880009FDA22 /* WMPageController.m in Sources */,
				4D0FEEAF212BB03F0021E9E8 /* TCAcountSetViewController.m in Sources */,
				BCA3E09E216BA86F004B7C19 /* TCRegisterViewController.m in Sources */,
				4DB7E5C421269914009FDA22 /* TSMineViewController.m in Sources */,
				4DB7E4FF2126573E009FDA22 /* MBProgressHUD.m in Sources */,
			);
			runOnlyForDeploymentPostprocessing = 0;
		};
/* End PBXSourcesBuildPhase section */

/* Begin XCBuildConfiguration section */
		4DAEE00F21256553009FFB4B /* Debug */ = {
			isa = XCBuildConfiguration;
			buildSettings = {
				ALWAYS_SEARCH_USER_PATHS = NO;
				CLANG_ANALYZER_NONNULL = YES;
				CLANG_ANALYZER_NUMBER_OBJECT_CONVERSION = YES_AGGRESSIVE;
				CLANG_CXX_LANGUAGE_STANDARD = "gnu++14";
				CLANG_CXX_LIBRARY = "libc++";
				CLANG_ENABLE_MODULES = YES;
				CLANG_ENABLE_OBJC_ARC = YES;
				CLANG_ENABLE_OBJC_WEAK = YES;
				CLANG_WARN_BLOCK_CAPTURE_AUTORELEASING = YES;
				CLANG_WARN_BOOL_CONVERSION = YES;
				CLANG_WARN_COMMA = YES;
				CLANG_WARN_CONSTANT_CONVERSION = YES;
				CLANG_WARN_DEPRECATED_OBJC_IMPLEMENTATIONS = YES;
				CLANG_WARN_DIRECT_OBJC_ISA_USAGE = YES_ERROR;
				CLANG_WARN_DOCUMENTATION_COMMENTS = YES;
				CLANG_WARN_EMPTY_BODY = YES;
				CLANG_WARN_ENUM_CONVERSION = YES;
				CLANG_WARN_INFINITE_RECURSION = YES;
				CLANG_WARN_INT_CONVERSION = YES;
				CLANG_WARN_NON_LITERAL_NULL_CONVERSION = YES;
				CLANG_WARN_OBJC_IMPLICIT_RETAIN_SELF = YES;
				CLANG_WARN_OBJC_LITERAL_CONVERSION = YES;
				CLANG_WARN_OBJC_ROOT_CLASS = YES_ERROR;
				CLANG_WARN_RANGE_LOOP_ANALYSIS = YES;
				CLANG_WARN_STRICT_PROTOTYPES = YES;
				CLANG_WARN_SUSPICIOUS_MOVE = YES;
				CLANG_WARN_UNGUARDED_AVAILABILITY = YES_AGGRESSIVE;
				CLANG_WARN_UNREACHABLE_CODE = YES;
				CLANG_WARN__DUPLICATE_METHOD_MATCH = YES;
				CODE_SIGN_IDENTITY = "iPhone Developer";
				COPY_PHASE_STRIP = NO;
				DEBUG_INFORMATION_FORMAT = dwarf;
				ENABLE_STRICT_OBJC_MSGSEND = YES;
				ENABLE_TESTABILITY = YES;
				GCC_C_LANGUAGE_STANDARD = gnu11;
				GCC_DYNAMIC_NO_PIC = NO;
				GCC_NO_COMMON_BLOCKS = YES;
				GCC_OPTIMIZATION_LEVEL = 0;
				GCC_PREPROCESSOR_DEFINITIONS = (
					"DEBUG=1",
					"$(inherited)",
				);
				GCC_WARN_64_TO_32_BIT_CONVERSION = YES;
				GCC_WARN_ABOUT_RETURN_TYPE = YES_ERROR;
				GCC_WARN_UNDECLARED_SELECTOR = YES;
				GCC_WARN_UNINITIALIZED_AUTOS = YES_AGGRESSIVE;
				GCC_WARN_UNUSED_FUNCTION = YES;
				GCC_WARN_UNUSED_VARIABLE = YES;
				IPHONEOS_DEPLOYMENT_TARGET = 11.4;
				MTL_ENABLE_DEBUG_INFO = YES;
				ONLY_ACTIVE_ARCH = YES;
				SDKROOT = iphoneos;
			};
			name = Debug;
		};
		4DAEE01021256553009FFB4B /* Release */ = {
			isa = XCBuildConfiguration;
			buildSettings = {
				ALWAYS_SEARCH_USER_PATHS = NO;
				CLANG_ANALYZER_NONNULL = YES;
				CLANG_ANALYZER_NUMBER_OBJECT_CONVERSION = YES_AGGRESSIVE;
				CLANG_CXX_LANGUAGE_STANDARD = "gnu++14";
				CLANG_CXX_LIBRARY = "libc++";
				CLANG_ENABLE_MODULES = YES;
				CLANG_ENABLE_OBJC_ARC = YES;
				CLANG_ENABLE_OBJC_WEAK = YES;
				CLANG_WARN_BLOCK_CAPTURE_AUTORELEASING = YES;
				CLANG_WARN_BOOL_CONVERSION = YES;
				CLANG_WARN_COMMA = YES;
				CLANG_WARN_CONSTANT_CONVERSION = YES;
				CLANG_WARN_DEPRECATED_OBJC_IMPLEMENTATIONS = YES;
				CLANG_WARN_DIRECT_OBJC_ISA_USAGE = YES_ERROR;
				CLANG_WARN_DOCUMENTATION_COMMENTS = YES;
				CLANG_WARN_EMPTY_BODY = YES;
				CLANG_WARN_ENUM_CONVERSION = YES;
				CLANG_WARN_INFINITE_RECURSION = YES;
				CLANG_WARN_INT_CONVERSION = YES;
				CLANG_WARN_NON_LITERAL_NULL_CONVERSION = YES;
				CLANG_WARN_OBJC_IMPLICIT_RETAIN_SELF = YES;
				CLANG_WARN_OBJC_LITERAL_CONVERSION = YES;
				CLANG_WARN_OBJC_ROOT_CLASS = YES_ERROR;
				CLANG_WARN_RANGE_LOOP_ANALYSIS = YES;
				CLANG_WARN_STRICT_PROTOTYPES = YES;
				CLANG_WARN_SUSPICIOUS_MOVE = YES;
				CLANG_WARN_UNGUARDED_AVAILABILITY = YES_AGGRESSIVE;
				CLANG_WARN_UNREACHABLE_CODE = YES;
				CLANG_WARN__DUPLICATE_METHOD_MATCH = YES;
				CODE_SIGN_IDENTITY = "iPhone Developer";
				COPY_PHASE_STRIP = NO;
				DEBUG_INFORMATION_FORMAT = "dwarf-with-dsym";
				ENABLE_NS_ASSERTIONS = NO;
				ENABLE_STRICT_OBJC_MSGSEND = YES;
				GCC_C_LANGUAGE_STANDARD = gnu11;
				GCC_NO_COMMON_BLOCKS = YES;
				GCC_WARN_64_TO_32_BIT_CONVERSION = YES;
				GCC_WARN_ABOUT_RETURN_TYPE = YES_ERROR;
				GCC_WARN_UNDECLARED_SELECTOR = YES;
				GCC_WARN_UNINITIALIZED_AUTOS = YES_AGGRESSIVE;
				GCC_WARN_UNUSED_FUNCTION = YES;
				GCC_WARN_UNUSED_VARIABLE = YES;
				IPHONEOS_DEPLOYMENT_TARGET = 11.4;
				MTL_ENABLE_DEBUG_INFO = NO;
				SDKROOT = iphoneos;
				VALIDATE_PRODUCT = YES;
			};
			name = Release;
		};
		4DAEE01221256553009FFB4B /* Debug */ = {
			isa = XCBuildConfiguration;
			baseConfigurationReference = 6360EBF9EB7840515C4895A1 /* Pods-TServer.debug.xcconfig */;
			buildSettings = {
				ASSETCATALOG_COMPILER_APPICON_NAME = AppIcon;
				CODE_SIGN_STYLE = Manual;
				DEVELOPMENT_TEAM = "";
				GCC_PREFIX_HEADER = "$(SRCROOT)/TServer/TServer.pch";
				INFOPLIST_FILE = TServer/Info.plist;
				IPHONEOS_DEPLOYMENT_TARGET = 8.0;
				LD_RUNPATH_SEARCH_PATHS = "$(inherited) @executable_path/Frameworks";
				PRODUCT_BUNDLE_IDENTIFIER = com.233.TServer;
				PRODUCT_NAME = "$(TARGET_NAME)";
				PROVISIONING_PROFILE_SPECIFIER = "";
				TARGETED_DEVICE_FAMILY = 1;
			};
			name = Debug;
		};
		4DAEE01321256553009FFB4B /* Release */ = {
			isa = XCBuildConfiguration;
			baseConfigurationReference = 3CA8ED95E0C50A87F1A106B7 /* Pods-TServer.release.xcconfig */;
			buildSettings = {
				ASSETCATALOG_COMPILER_APPICON_NAME = AppIcon;
				CODE_SIGN_STYLE = Manual;
				DEVELOPMENT_TEAM = "";
				GCC_PREFIX_HEADER = "$(SRCROOT)/TServer/TServer.pch";
				INFOPLIST_FILE = TServer/Info.plist;
				IPHONEOS_DEPLOYMENT_TARGET = 8.0;
				LD_RUNPATH_SEARCH_PATHS = "$(inherited) @executable_path/Frameworks";
				PRODUCT_BUNDLE_IDENTIFIER = com.233.TServer;
				PRODUCT_NAME = "$(TARGET_NAME)";
				PROVISIONING_PROFILE_SPECIFIER = "";
				TARGETED_DEVICE_FAMILY = 1;
			};
			name = Release;
		};
/* End XCBuildConfiguration section */

/* Begin XCConfigurationList section */
		4DAEDFF621256552009FFB4B /* Build configuration list for PBXProject "TServer" */ = {
			isa = XCConfigurationList;
			buildConfigurations = (
				4DAEE00F21256553009FFB4B /* Debug */,
				4DAEE01021256553009FFB4B /* Release */,
			);
			defaultConfigurationIsVisible = 0;
			defaultConfigurationName = Release;
		};
		4DAEE01121256553009FFB4B /* Build configuration list for PBXNativeTarget "TServer" */ = {
			isa = XCConfigurationList;
			buildConfigurations = (
				4DAEE01221256553009FFB4B /* Debug */,
				4DAEE01321256553009FFB4B /* Release */,
			);
			defaultConfigurationIsVisible = 0;
			defaultConfigurationName = Release;
		};
/* End XCConfigurationList section */
	};
	rootObject = 4DAEDFF321256552009FFB4B /* Project object */;
}
